// !$*UTF8*$!
{
	archiveVersion = 1;
	classes = {
	};
	objectVersion = 56;
	objects = {

/* Begin PBXBuildFile section */
		062ED4312B9D59FA1F44C5F8 /* SyncStatus.swift in Sources */ = {isa = PBXBuildFile; fileRef = 6576E220DDC2A3C3667987EA /* SyncStatus.swift */; };
		0953067E2DB98BED8C776BF0 /* FirestoreTaskRemoteStore.swift in Sources */ = {isa = PBXBuildFile; fileRef = A6F3B1BC47AE41ECA3457830 /* FirestoreTaskRemoteStore.swift */; };
		125A7F2A08D778F482B0AA32 /* FirestoreTaskRemoteStoreTests.swift in Sources */ = {isa = PBXBuildFile; fileRef = 083F5CBEE7EE76D6FA27B1B5 /* FirestoreTaskRemoteStoreTests.swift */; };
		3F242221D312F1455F49C0D3 /* OfflineTaskBoardApp.swift in Sources */ = {isa = PBXBuildFile; fileRef = 866781676CA43578499F14A3 /* OfflineTaskBoardApp.swift */; };
		4AB7DA90DFE628F750413736 /* UnavailableTaskRemoteStoreTests.swift in Sources */ = {isa = PBXBuildFile; fileRef = C1F7B646121C14145786531B /* UnavailableTaskRemoteStoreTests.swift */; };
		57B551357E53B837AEB84203 /* TaskCardView.swift in Sources */ = {isa = PBXBuildFile; fileRef = 581FCA83F704081109EE5919 /* TaskCardView.swift */; };
		59A23E659CA12B05647914B1 /* TaskEditorView.swift in Sources */ = {isa = PBXBuildFile; fileRef = 1BAAAFD33315A5D7384C73EE /* TaskEditorView.swift */; };
		6864CCB186C0FE903EC1315F /* BoardView.swift in Sources */ = {isa = PBXBuildFile; fileRef = CC5D93E246EB0BAAB5E3598B /* BoardView.swift */; };
		6E168B82F4DE3F402D4378B3 /* TaskItem.swift in Sources */ = {isa = PBXBuildFile; fileRef = 30B00572494DFB3ADC83D51B /* TaskItem.swift */; };
		7939A2762B3FD78FDF285F94 /* Fakes.swift in Sources */ = {isa = PBXBuildFile; fileRef = F10A88845EA3299FCBFAB26F /* Fakes.swift */; };
		98E5880672B1955F52828668 /* TaskColumnView.swift in Sources */ = {isa = PBXBuildFile; fileRef = 3E26F86168C4BC94DECFD63E /* TaskColumnView.swift */; };
		A2E6FA394A8C23439A68E5E0 /* TaskSyncUseCaseTests.swift in Sources */ = {isa = PBXBuildFile; fileRef = E2C8AE3CFD1C4ED8E1A5E641 /* TaskSyncUseCaseTests.swift */; };
		A4CCD4B305B085B01F0DB1A8 /* AppDependencies.swift in Sources */ = {isa = PBXBuildFile; fileRef = 93A6A5B883E0711836DFB7E4 /* AppDependencies.swift */; };
		ADA264407FEFA1C7D5DC3461 /* TaskRepository.swift in Sources */ = {isa = PBXBuildFile; fileRef = 7F209B03CDD38A2B8F6C36E4 /* TaskRepository.swift */; };
		BBE0E558C3ACA57D2F83E734 /* TaskSyncUseCase.swift in Sources */ = {isa = PBXBuildFile; fileRef = A79BDDDE30F5F3B74950C92E /* TaskSyncUseCase.swift */; };
		C004B7831D5974551B31350D /* SwiftDataTaskRepositoryTests.swift in Sources */ = {isa = PBXBuildFile; fileRef = FA090D2DE8D5027AACE8F16B /* SwiftDataTaskRepositoryTests.swift */; };
		CA3999D53BD31EB1762622A4 /* BoardViewModel.swift in Sources */ = {isa = PBXBuildFile; fileRef = 412BF943DDC1478D7F09E9E9 /* BoardViewModel.swift */; };
		CED436D2FCE96A24ADEB051E /* TaskRemoteDataSource.swift in Sources */ = {isa = PBXBuildFile; fileRef = A31F1333E74CA45251A060B7 /* TaskRemoteDataSource.swift */; };
		D2F6972498A2777B9CD94CD6 /* TaskModel.swift in Sources */ = {isa = PBXBuildFile; fileRef = CC3720D3AD8AFDD5DF301635 /* TaskModel.swift */; };
		D6C20D652C21542D49259FFF /* DraggableTaskID.swift in Sources */ = {isa = PBXBuildFile; fileRef = 08083EE38ACDBC388A8032C2 /* DraggableTaskID.swift */; };
		DF9990E3A06768FD4A9ED37E /* UnavailableTaskRemoteStore.swift in Sources */ = {isa = PBXBuildFile; fileRef = 8D05ACEAC8FC05EBB4BE740B /* UnavailableTaskRemoteStore.swift */; };
		E6D4CEE3A382B5DE97F42173 /* TaskEditingUseCase.swift in Sources */ = {isa = PBXBuildFile; fileRef = B51A14E629ED1D868ECB8CF7 /* TaskEditingUseCase.swift */; };
		F295C666748F8DECE55160A7 /* SwiftDataTaskRepository.swift in Sources */ = {isa = PBXBuildFile; fileRef = 99071EB754F8CDF5C42CBC24 /* SwiftDataTaskRepository.swift */; };
		F472F562E74938D49D0F3DE8 /* TaskStatus.swift in Sources */ = {isa = PBXBuildFile; fileRef = D433AD2D1A56397981077E9C /* TaskStatus.swift */; };
		F4BBBD8E9B5E36B4C8C3171D /* TaskEditingUseCaseTests.swift in Sources */ = {isa = PBXBuildFile; fileRef = B292EBEB186B5932DB808AE8 /* TaskEditingUseCaseTests.swift */; };
/* End PBXBuildFile section */

/* Begin PBXContainerItemProxy section */
		FE7E2BF33025B73E00BC558E /* PBXContainerItemProxy */ = {
			isa = PBXContainerItemProxy;
			containerPortal = P001 /* Project object */;
			proxyType = 1;
			remoteGlobalIDString = E201;
			remoteInfo = OfflineTaskBoard;
		};
/* End PBXContainerItemProxy section */

/* Begin PBXFileReference section */
		08083EE38ACDBC388A8032C2 /* DraggableTaskID.swift */ = {isa = PBXFileReference; includeInIndex = 1; lastKnownFileType = sourcecode.swift; path = DraggableTaskID.swift; sourceTree = "<group>"; };
		083F5CBEE7EE76D6FA27B1B5 /* FirestoreTaskRemoteStoreTests.swift */ = {isa = PBXFileReference; includeInIndex = 1; lastKnownFileType = sourcecode.swift; path = FirestoreTaskRemoteStoreTests.swift; sourceTree = "<group>"; };
		1BAAAFD33315A5D7384C73EE /* TaskEditorView.swift */ = {isa = PBXFileReference; includeInIndex = 1; lastKnownFileType = sourcecode.swift; path = TaskEditorView.swift; sourceTree = "<group>"; };
		30B00572494DFB3ADC83D51B /* TaskItem.swift */ = {isa = PBXFileReference; includeInIndex = 1; lastKnownFileType = sourcecode.swift; path = TaskItem.swift; sourceTree = "<group>"; };
		3E26F86168C4BC94DECFD63E /* TaskColumnView.swift */ = {isa = PBXFileReference; includeInIndex = 1; lastKnownFileType = sourcecode.swift; path = TaskColumnView.swift; sourceTree = "<group>"; };
		412BF943DDC1478D7F09E9E9 /* BoardViewModel.swift */ = {isa = PBXFileReference; includeInIndex = 1; lastKnownFileType = sourcecode.swift; path = BoardViewModel.swift; sourceTree = "<group>"; };
		581FCA83F704081109EE5919 /* TaskCardView.swift */ = {isa = PBXFileReference; includeInIndex = 1; lastKnownFileType = sourcecode.swift; path = TaskCardView.swift; sourceTree = "<group>"; };
		6576E220DDC2A3C3667987EA /* SyncStatus.swift */ = {isa = PBXFileReference; includeInIndex = 1; lastKnownFileType = sourcecode.swift; path = SyncStatus.swift; sourceTree = "<group>"; };
		7F209B03CDD38A2B8F6C36E4 /* TaskRepository.swift */ = {isa = PBXFileReference; includeInIndex = 1; lastKnownFileType = sourcecode.swift; path = TaskRepository.swift; sourceTree = "<group>"; };
		866781676CA43578499F14A3 /* OfflineTaskBoardApp.swift */ = {isa = PBXFileReference; includeInIndex = 1; lastKnownFileType = sourcecode.swift; path = OfflineTaskBoardApp.swift; sourceTree = "<group>"; };
		8D05ACEAC8FC05EBB4BE740B /* UnavailableTaskRemoteStore.swift */ = {isa = PBXFileReference; includeInIndex = 1; lastKnownFileType = sourcecode.swift; path = UnavailableTaskRemoteStore.swift; sourceTree = "<group>"; };
		93A6A5B883E0711836DFB7E4 /* AppDependencies.swift */ = {isa = PBXFileReference; includeInIndex = 1; lastKnownFileType = sourcecode.swift; path = AppDependencies.swift; sourceTree = "<group>"; };
		99071EB754F8CDF5C42CBC24 /* SwiftDataTaskRepository.swift */ = {isa = PBXFileReference; includeInIndex = 1; lastKnownFileType = sourcecode.swift; path = SwiftDataTaskRepository.swift; sourceTree = "<group>"; };
		A31F1333E74CA45251A060B7 /* TaskRemoteDataSource.swift */ = {isa = PBXFileReference; includeInIndex = 1; lastKnownFileType = sourcecode.swift; path = TaskRemoteDataSource.swift; sourceTree = "<group>"; };
		A6F3B1BC47AE41ECA3457830 /* FirestoreTaskRemoteStore.swift */ = {isa = PBXFileReference; includeInIndex = 1; lastKnownFileType = sourcecode.swift; path = FirestoreTaskRemoteStore.swift; sourceTree = "<group>"; };
		A79BDDDE30F5F3B74950C92E /* TaskSyncUseCase.swift */ = {isa = PBXFileReference; includeInIndex = 1; lastKnownFileType = sourcecode.swift; path = TaskSyncUseCase.swift; sourceTree = "<group>"; };
		B201 /* OfflineTaskBoard.app */ = {isa = PBXFileReference; explicitFileType = wrapper.application; name = OfflineTaskBoard.app; path = "/Users/vaishnav/Documents/Codex/2026-08-07/TodoApp/build/Debug-iphoneos/OfflineTaskBoard.app"; sourceTree = "<absolute>"; };
		B202 /* OfflineTaskBoardTests.xctest */ = {isa = PBXFileReference; explicitFileType = wrapper.cfbundle; name = OfflineTaskBoardTests.xctest; path = "/Users/vaishnav/Documents/Codex/2026-08-07/TodoApp/build/Debug-iphoneos/OfflineTaskBoard.app/PlugIns/OfflineTaskBoardTests.xctest"; sourceTree = "<absolute>"; };
		B292EBEB186B5932DB808AE8 /* TaskEditingUseCaseTests.swift */ = {isa = PBXFileReference; includeInIndex = 1; lastKnownFileType = sourcecode.swift; path = TaskEditingUseCaseTests.swift; sourceTree = "<group>"; };
		B51A14E629ED1D868ECB8CF7 /* TaskEditingUseCase.swift */ = {isa = PBXFileReference; includeInIndex = 1; lastKnownFileType = sourcecode.swift; path = TaskEditingUseCase.swift; sourceTree = "<group>"; };
		C1F7B646121C14145786531B /* UnavailableTaskRemoteStoreTests.swift */ = {isa = PBXFileReference; includeInIndex = 1; lastKnownFileType = sourcecode.swift; path = UnavailableTaskRemoteStoreTests.swift; sourceTree = "<group>"; };
		CC3720D3AD8AFDD5DF301635 /* TaskModel.swift */ = {isa = PBXFileReference; includeInIndex = 1; lastKnownFileType = sourcecode.swift; path = TaskModel.swift; sourceTree = "<group>"; };
		CC5D93E246EB0BAAB5E3598B /* BoardView.swift */ = {isa = PBXFileReference; includeInIndex = 1; lastKnownFileType = sourcecode.swift; path = BoardView.swift; sourceTree = "<group>"; };
		D433AD2D1A56397981077E9C /* TaskStatus.swift */ = {isa = PBXFileReference; includeInIndex = 1; lastKnownFileType = sourcecode.swift; path = TaskStatus.swift; sourceTree = "<group>"; };
		E2C8AE3CFD1C4ED8E1A5E641 /* TaskSyncUseCaseTests.swift */ = {isa = PBXFileReference; includeInIndex = 1; lastKnownFileType = sourcecode.swift; path = TaskSyncUseCaseTests.swift; sourceTree = "<group>"; };
		F10A88845EA3299FCBFAB26F /* Fakes.swift */ = {isa = PBXFileReference; includeInIndex = 1; lastKnownFileType = sourcecode.swift; path = Fakes.swift; sourceTree = "<group>"; };
		FA090D2DE8D5027AACE8F16B /* SwiftDataTaskRepositoryTests.swift */ = {isa = PBXFileReference; includeInIndex = 1; lastKnownFileType = sourcecode.swift; path = SwiftDataTaskRepositoryTests.swift; sourceTree = "<group>"; };
/* End PBXFileReference section */

/* Begin PBXFrameworksBuildPhase section */
		D201 /* Frameworks */ = {
			isa = PBXFrameworksBuildPhase;
			buildActionMask = 2147483647;
			files = (
			);
			runOnlyForDeploymentPostprocessing = 0;
		};
		D202 /* Frameworks */ = {
			isa = PBXFrameworksBuildPhase;
			buildActionMask = 2147483647;
			files = (
			);
			runOnlyForDeploymentPostprocessing = 0;
		};
/* End PBXFrameworksBuildPhase section */

/* Begin PBXGroup section */
		125D549F10E0F5E0EF8A7769 /* Repositories */ = {
			isa = PBXGroup;
			children = (
				A31F1333E74CA45251A060B7 /* TaskRemoteDataSource.swift */,
				7F209B03CDD38A2B8F6C36E4 /* TaskRepository.swift */,
			);
			path = Repositories;
			sourceTree = "<group>";
		};
		25599984CC486784821BAFA4 /* Board */ = {
			isa = PBXGroup;
			children = (
				CC5D93E246EB0BAAB5E3598B /* BoardView.swift */,
				412BF943DDC1478D7F09E9E9 /* BoardViewModel.swift */,
				08083EE38ACDBC388A8032C2 /* DraggableTaskID.swift */,
				581FCA83F704081109EE5919 /* TaskCardView.swift */,
				3E26F86168C4BC94DECFD63E /* TaskColumnView.swift */,
			);
			path = Board;
			sourceTree = "<group>";
		};
		32737E0937A15B1C084F876E /* Remote */ = {
			isa = PBXGroup;
			children = (
				A6F3B1BC47AE41ECA3457830 /* FirestoreTaskRemoteStore.swift */,
				8D05ACEAC8FC05EBB4BE740B /* UnavailableTaskRemoteStore.swift */,
			);
			path = Remote;
			sourceTree = "<group>";
		};
		33E87CD80D30F63DE9ED7A17 /* OfflineTaskBoard */ = {
			isa = PBXGroup;
			children = (
				3F87D676072838F564AF3FAC /* App */,
				DDA9FCD2BDA54F4D67F73069 /* Data */,
				E31553C90D7CB7045C666160 /* Domain */,
				8CE1743248DAA4430343E874 /* Presentation */,
			);
			path = OfflineTaskBoard;
			sourceTree = "<group>";
		};
		3F87D676072838F564AF3FAC /* App */ = {
			isa = PBXGroup;
			children = (
				93A6A5B883E0711836DFB7E4 /* AppDependencies.swift */,
				866781676CA43578499F14A3 /* OfflineTaskBoardApp.swift */,
			);
			path = App;
			sourceTree = "<group>";
		};
		40968898B27A9E13985ECF6A /* TaskEditor */ = {
			isa = PBXGroup;
			children = (
				1BAAAFD33315A5D7384C73EE /* TaskEditorView.swift */,
			);
			path = TaskEditor;
			sourceTree = "<group>";
		};
		5823549EF5088FEA8D6B8A71 /* Debug */ = {
			isa = PBXGroup;
			children = (
			);
			path = Debug;
			sourceTree = "<group>";
		};
		7D6ACB7575DBA490A19A8503 /* OfflineTaskBoardTests */ = {
			isa = PBXGroup;
			children = (
				F1A7DB35257B38B3AA88E57F /* Data */,
				7F38D7E80D740F3DBD2D8E01 /* Domain */,
				C8DF14921B029877DD185D60 /* Presentation */,
			);
			path = OfflineTaskBoardTests;
			sourceTree = "<group>";
		};
		7F38D7E80D740F3DBD2D8E01 /* Domain */ = {
			isa = PBXGroup;
			children = (
				F10A88845EA3299FCBFAB26F /* Fakes.swift */,
				B292EBEB186B5932DB808AE8 /* TaskEditingUseCaseTests.swift */,
				E2C8AE3CFD1C4ED8E1A5E641 /* TaskSyncUseCaseTests.swift */,
			);
			path = Domain;
			sourceTree = "<group>";
		};
		8CE1743248DAA4430343E874 /* Presentation */ = {
			isa = PBXGroup;
			children = (
				25599984CC486784821BAFA4 /* Board */,
				9EDB904A73DDC5CF0EB96FC2 /* Components */,
				5823549EF5088FEA8D6B8A71 /* Debug */,
				40968898B27A9E13985ECF6A /* TaskEditor */,
			);
			path = Presentation;
			sourceTree = "<group>";
		};
		9EDB904A73DDC5CF0EB96FC2 /* Components */ = {
			isa = PBXGroup;
			children = (
			);
			path = Components;
			sourceTree = "<group>";
		};
		A926758C2D64FA77C46A4489 /* UseCases */ = {
			isa = PBXGroup;
			children = (
				B51A14E629ED1D868ECB8CF7 /* TaskEditingUseCase.swift */,
				A79BDDDE30F5F3B74950C92E /* TaskSyncUseCase.swift */,
			);
			path = UseCases;
			sourceTree = "<group>";
		};
		C001 = {
			isa = PBXGroup;
			children = (
				33E87CD80D30F63DE9ED7A17 /* OfflineTaskBoard */,
				7D6ACB7575DBA490A19A8503 /* OfflineTaskBoardTests */,
			);
			sourceTree = "<group>";
		};
		C8DF14921B029877DD185D60 /* Presentation */ = {
			isa = PBXGroup;
			children = (
			);
			path = Presentation;
			sourceTree = "<group>";
		};
		DDA9FCD2BDA54F4D67F73069 /* Data */ = {
			isa = PBXGroup;
			children = (
				F795976674FB25744F496527 /* Persistence */,
				32737E0937A15B1C084F876E /* Remote */,
			);
			path = Data;
			sourceTree = "<group>";
		};
		E31553C90D7CB7045C666160 /* Domain */ = {
			isa = PBXGroup;
			children = (
				F2791739825A15DB7E3F7C54 /* Entities */,
				125D549F10E0F5E0EF8A7769 /* Repositories */,
				A926758C2D64FA77C46A4489 /* UseCases */,
			);
			path = Domain;
			sourceTree = "<group>";
		};
		F1A7DB35257B38B3AA88E57F /* Data */ = {
			isa = PBXGroup;
			children = (
				083F5CBEE7EE76D6FA27B1B5 /* FirestoreTaskRemoteStoreTests.swift */,
				FA090D2DE8D5027AACE8F16B /* SwiftDataTaskRepositoryTests.swift */,
				C1F7B646121C14145786531B /* UnavailableTaskRemoteStoreTests.swift */,
			);
			path = Data;
			sourceTree = "<group>";
		};
		F2791739825A15DB7E3F7C54 /* Entities */ = {
			isa = PBXGroup;
			children = (
				6576E220DDC2A3C3667987EA /* SyncStatus.swift */,
				30B00572494DFB3ADC83D51B /* TaskItem.swift */,
				D433AD2D1A56397981077E9C /* TaskStatus.swift */,
			);
			path = Entities;
			sourceTree = "<group>";
		};
		F795976674FB25744F496527 /* Persistence */ = {
			isa = PBXGroup;
			children = (
				99071EB754F8CDF5C42CBC24 /* SwiftDataTaskRepository.swift */,
				CC3720D3AD8AFDD5DF301635 /* TaskModel.swift */,
			);
			path = Persistence;
			sourceTree = "<group>";
		};
/* End PBXGroup section */

/* Begin PBXNativeTarget section */
		E201 /* OfflineTaskBoard */ = {
			isa = PBXNativeTarget;
			buildConfigurationList = F201 /* Build configuration list for PBXNativeTarget "OfflineTaskBoard" */;
			buildPhases = (
				D201 /* Frameworks */,
				G201 /* Sources */,
			);
			buildRules = (
			);
			dependencies = (
			);
			name = OfflineTaskBoard;
			productName = OfflineTaskBoard;
			productReference = B201 /* OfflineTaskBoard.app */;
			productType = "com.apple.product-type.application";
		};
		E202 /* OfflineTaskBoardTests */ = {
			isa = PBXNativeTarget;
			buildConfigurationList = F202 /* Build configuration list for PBXNativeTarget "OfflineTaskBoardTests" */;
			buildPhases = (
				D202 /* Frameworks */,
				G202 /* Sources */,
			);
			buildRules = (
			);
			dependencies = (
				H201 /* PBXTargetDependency */,
			);
			name = OfflineTaskBoardTests;
			productName = OfflineTaskBoardTests;
			productReference = B202 /* OfflineTaskBoardTests.xctest */;
			productType = "com.apple.product-type.bundle.unit-test";
		};
/* End PBXNativeTarget section */

/* Begin PBXProject section */
		P001 /* Project object */ = {
			isa = PBXProject;
			attributes = {
				LastUpgradeCheck = 1600;
			};
			buildConfigurationList = F001 /* Build configuration list for PBXProject "OfflineTaskBoard" */;
			compatibilityVersion = "Xcode 14.0";
			developmentRegion = en;
			hasScannedForEncodings = 0;
			knownRegions = (
				en,
				Base,
			);
			mainGroup = C001;
			productRefGroup = C001;
			projectDirPath = "";
			projectRoot = "";
			targets = (
				E201 /* OfflineTaskBoard */,
				E202 /* OfflineTaskBoardTests */,
			);
		};
/* End PBXProject section */

/* Begin PBXSourcesBuildPhase section */
		G201 /* Sources */ = {
			isa = PBXSourcesBuildPhase;
			buildActionMask = 2147483647;
			files = (
				A4CCD4B305B085B01F0DB1A8 /* AppDependencies.swift in Sources */,
				3F242221D312F1455F49C0D3 /* OfflineTaskBoardApp.swift in Sources */,
				F295C666748F8DECE55160A7 /* SwiftDataTaskRepository.swift in Sources */,
				D2F6972498A2777B9CD94CD6 /* TaskModel.swift in Sources */,
				0953067E2DB98BED8C776BF0 /* FirestoreTaskRemoteStore.swift in Sources */,
				DF9990E3A06768FD4A9ED37E /* UnavailableTaskRemoteStore.swift in Sources */,
				062ED4312B9D59FA1F44C5F8 /* SyncStatus.swift in Sources */,
				6E168B82F4DE3F402D4378B3 /* TaskItem.swift in Sources */,
				F472F562E74938D49D0F3DE8 /* TaskStatus.swift in Sources */,
				CED436D2FCE96A24ADEB051E /* TaskRemoteDataSource.swift in Sources */,
				ADA264407FEFA1C7D5DC3461 /* TaskRepository.swift in Sources */,
				E6D4CEE3A382B5DE97F42173 /* TaskEditingUseCase.swift in Sources */,
				BBE0E558C3ACA57D2F83E734 /* TaskSyncUseCase.swift in Sources */,
				6864CCB186C0FE903EC1315F /* BoardView.swift in Sources */,
				CA3999D53BD31EB1762622A4 /* BoardViewModel.swift in Sources */,
				D6C20D652C21542D49259FFF /* DraggableTaskID.swift in Sources */,
				57B551357E53B837AEB84203 /* TaskCardView.swift in Sources */,
				98E5880672B1955F52828668 /* TaskColumnView.swift in Sources */,
				59A23E659CA12B05647914B1 /* TaskEditorView.swift in Sources */,
			);
			runOnlyForDeploymentPostprocessing = 0;
		};
		G202 /* Sources */ = {
			isa = PBXSourcesBuildPhase;
			buildActionMask = 2147483647;
			files = (
				125A7F2A08D778F482B0AA32 /* FirestoreTaskRemoteStoreTests.swift in Sources */,
				C004B7831D5974551B31350D /* SwiftDataTaskRepositoryTests.swift in Sources */,
				4AB7DA90DFE628F750413736 /* UnavailableTaskRemoteStoreTests.swift in Sources */,
				7939A2762B3FD78FDF285F94 /* Fakes.swift in Sources */,
				F4BBBD8E9B5E36B4C8C3171D /* TaskEditingUseCaseTests.swift in Sources */,
				A2E6FA394A8C23439A68E5E0 /* TaskSyncUseCaseTests.swift in Sources */,
			);
			runOnlyForDeploymentPostprocessing = 0;
		};
/* End PBXSourcesBuildPhase section */

/* Begin PBXTargetDependency section */
		H201 /* PBXTargetDependency */ = {
			isa = PBXTargetDependency;
			target = E201 /* OfflineTaskBoard */;
			targetProxy = FE7E2BF33025B73E00BC558E /* PBXContainerItemProxy */;
		};
/* End PBXTargetDependency section */

/* Begin XCBuildConfiguration section */
		I001 /* Debug */ = {
			isa = XCBuildConfiguration;
			buildSettings = {
				ENABLE_TESTABILITY = YES;
				IPHONEOS_DEPLOYMENT_TARGET = 26.0;
				SWIFT_VERSION = 5.0;
			};
			name = Debug;
		};
		I002 /* Release */ = {
			isa = XCBuildConfiguration;
			buildSettings = {
				IPHONEOS_DEPLOYMENT_TARGET = 26.0;
				SWIFT_VERSION = 5.0;
			};
			name = Release;
		};
		I201 /* Debug */ = {
			isa = XCBuildConfiguration;
			buildSettings = {
				ASSETCATALOG_COMPILER_APPICON_NAME = AppIcon;
				CODE_SIGN_STYLE = Automatic;
				ENABLE_TESTABILITY = YES;
				GENERATE_INFOPLIST_FILE = YES;
				INFOPLIST_KEY_UILaunchScreen_Generation = YES;
				IPHONEOS_DEPLOYMENT_TARGET = 26.0;
				PRODUCT_BUNDLE_IDENTIFIER = com.vaishnav.OfflineTaskBoard;
				PRODUCT_NAME = OfflineTaskBoard;
				SDKROOT = iphoneos;
				SUPPORTED_PLATFORMS = "iphoneos iphonesimulator";
				SWIFT_VERSION = 5.0;
				TARGETED_DEVICE_FAMILY = 1;
			};
			name = Debug;
		};
		I202 /* Release */ = {
			isa = XCBuildConfiguration;
			buildSettings = {
				ASSETCATALOG_COMPILER_APPICON_NAME = AppIcon;
				CODE_SIGN_STYLE = Automatic;
				GENERATE_INFOPLIST_FILE = YES;
				INFOPLIST_KEY_UILaunchScreen_Generation = YES;
				IPHONEOS_DEPLOYMENT_TARGET = 26.0;
				PRODUCT_BUNDLE_IDENTIFIER = com.vaishnav.OfflineTaskBoard;
				PRODUCT_NAME = OfflineTaskBoard;
				SDKROOT = iphoneos;
				SUPPORTED_PLATFORMS = "iphoneos iphonesimulator";
				SWIFT_VERSION = 5.0;
				TARGETED_DEVICE_FAMILY = 1;
			};
			name = Release;
		};
		I203 /* Debug */ = {
			isa = XCBuildConfiguration;
			buildSettings = {
				BUNDLE_LOADER = "$(TEST_HOST)";
				ENABLE_TESTABILITY = YES;
				GENERATE_INFOPLIST_FILE = YES;
				INFOPLIST_KEY_UILaunchScreen_Generation = YES;
				IPHONEOS_DEPLOYMENT_TARGET = 26.0;
				PRODUCT_BUNDLE_IDENTIFIER = com.vaishnav.OfflineTaskBoardTests;
				PRODUCT_NAME = OfflineTaskBoardTests;
				SDKROOT = iphoneos;
				SUPPORTED_PLATFORMS = "iphoneos iphonesimulator";
				SWIFT_VERSION = 5.0;
				TEST_HOST = "$(BUILT_PRODUCTS_DIR)/OfflineTaskBoard.app/OfflineTaskBoard";
			};
			name = Debug;
		};
		I204 /* Release */ = {
			isa = XCBuildConfiguration;
			buildSettings = {
				BUNDLE_LOADER = "$(TEST_HOST)";
				GENERATE_INFOPLIST_FILE = YES;
				INFOPLIST_KEY_UILaunchScreen_Generation = YES;
				IPHONEOS_DEPLOYMENT_TARGET = 26.0;
				PRODUCT_BUNDLE_IDENTIFIER = com.vaishnav.OfflineTaskBoardTests;
				PRODUCT_NAME = OfflineTaskBoardTests;
				SDKROOT = iphoneos;
				SUPPORTED_PLATFORMS = "iphoneos iphonesimulator";
				SWIFT_VERSION = 5.0;
				TEST_HOST = "$(BUILT_PRODUCTS_DIR)/OfflineTaskBoard.app/OfflineTaskBoard";
			};
			name = Release;
		};
/* End XCBuildConfiguration section */

/* Begin XCConfigurationList section */
		F001 /* Build configuration list for PBXProject "OfflineTaskBoard" */ = {
			isa = XCConfigurationList;
			buildConfigurations = (
				I001 /* Debug */,
				I002 /* Release */,
			);
			defaultConfigurationIsVisible = 0;
			defaultConfigurationName = Release;
		};
		F201 /* Build configuration list for PBXNativeTarget "OfflineTaskBoard" */ = {
			isa = XCConfigurationList;
			buildConfigurations = (
				I201 /* Debug */,
				I202 /* Release */,
			);
			defaultConfigurationIsVisible = 0;
			defaultConfigurationName = Release;
		};
		F202 /* Build configuration list for PBXNativeTarget "OfflineTaskBoardTests" */ = {
			isa = XCConfigurationList;
			buildConfigurations = (
				I203 /* Debug */,
				I204 /* Release */,
			);
			defaultConfigurationIsVisible = 0;
			defaultConfigurationName = Release;
		};
/* End XCConfigurationList section */
	};
	rootObject = P001 /* Project object */;
}
