// !$*UTF8*$!
{
	archiveVersion = 1;
	classes = {
	};
	objectVersion = 56;
	objects = {

/* Begin PBXBuildFile section */
		00C3B8D756706654021B821A /* SyncStatus.swift in Sources */ = {isa = PBXBuildFile; fileRef = 900D77922E95224A16F5D43F /* SyncStatus.swift */; };
		0404A946BAC0797B6579893E /* TaskRepository.swift in Sources */ = {isa = PBXBuildFile; fileRef = 7CE5298C85B8ABEE9024C112 /* TaskRepository.swift */; };
		072B79AA882569668263CB47 /* BoardViewModel.swift in Sources */ = {isa = PBXBuildFile; fileRef = A2EE8EA7696F4A021D0113D3 /* BoardViewModel.swift */; };
		07EACECC1B10C61A136D36A4 /* OfflineTaskBoardApp.swift in Sources */ = {isa = PBXBuildFile; fileRef = 8877B58FB734777D9CF3F68F /* OfflineTaskBoardApp.swift */; };
		158F54FB4E362959D9AFADFF /* TaskStatus.swift in Sources */ = {isa = PBXBuildFile; fileRef = BFFD777E95D2BA4B894D455B /* TaskStatus.swift */; };
		27BBC51A3ED496310BEBF3B5 /* TaskRemoteDataSource.swift in Sources */ = {isa = PBXBuildFile; fileRef = 7259E9C78FD9893A2E9C91E3 /* TaskRemoteDataSource.swift */; };
		2975704F39895F81D624B8B4 /* TaskStatusStyle.swift in Sources */ = {isa = PBXBuildFile; fileRef = A80A78F76D7051661250BAEC /* TaskStatusStyle.swift */; };
		308189A39657CE5C46AFD113 /* abseil in Frameworks */ = {isa = PBXBuildFile; productRef = 2EFE5DEA39E192BC335F5D6B /* abseil */; };
		3A1EE3CC14F208403D1937AD /* TaskEditingUseCaseTests.swift in Sources */ = {isa = PBXBuildFile; fileRef = 27B3B39CEC42323ECA984B85 /* TaskEditingUseCaseTests.swift */; };
		52BC249E503C2F63F259EC0F /* UnavailableTaskRemoteStoreTests.swift in Sources */ = {isa = PBXBuildFile; fileRef = 2D9E8451ED8D835D5889EE73 /* UnavailableTaskRemoteStoreTests.swift */; };
		5C4073AC373ADAC0030A5CDA /* gRPC-Core in Frameworks */ = {isa = PBXBuildFile; productRef = A7BE44D3D7E7BD4F1DB4D31A /* gRPC-Core */; };
		5F3B039A420573D83C90D1CD /* TaskCardView.swift in Sources */ = {isa = PBXBuildFile; fileRef = A9D6DDAD3753CF2557A5F0A3 /* TaskCardView.swift */; };
		62525A61DA92B2599DBCB988 /* AppDependencies.swift in Sources */ = {isa = PBXBuildFile; fileRef = A56BF92612E4EF348C2FEBFC /* AppDependencies.swift */; };
		64583BEA3DB36DF989242197 /* SwiftDataTaskRepository.swift in Sources */ = {isa = PBXBuildFile; fileRef = 3AD1B5894930101EC186DCFD /* SwiftDataTaskRepository.swift */; };
		667B7953BCFF6319859B662B /* FirestoreTaskRemoteStore.swift in Sources */ = {isa = PBXBuildFile; fileRef = 7E66A14C5520655BED301EB3 /* FirestoreTaskRemoteStore.swift */; };
		6F12A877DF72F4F900788623 /* TaskSyncUseCase.swift in Sources */ = {isa = PBXBuildFile; fileRef = F7D681CCFD986B224638126C /* TaskSyncUseCase.swift */; };
		704C640478E9149694FFEE81 /* SwiftDataTaskRepositoryTests.swift in Sources */ = {isa = PBXBuildFile; fileRef = C1DC05E935D1590B19B2D908 /* SwiftDataTaskRepositoryTests.swift */; };
		711B0A177D9ABECD871996B6 /* TaskModel.swift in Sources */ = {isa = PBXBuildFile; fileRef = 2AF30ED7B5333A817DC463BA /* TaskModel.swift */; };
		74FF57C2ADB027FC3F22017C /* gRPC-C++ in Frameworks */ = {isa = PBXBuildFile; productRef = 0DCE43DB826745C5B2F22485 /* gRPC-C++ */; };
		88A3483AACDAE9ED6F8BCDC8 /* nanopb in Frameworks */ = {isa = PBXBuildFile; productRef = 167BD923CD0FFFC6990ECB32 /* nanopb */; };
		A179F433226CFDD960523F20 /* FirebaseCore in Frameworks */ = {isa = PBXBuildFile; productRef = 61159485D5EDB0252253ABBF /* FirebaseCore */; };
		A191CCE83080DBFDE79C5BB5 /* TaskSyncUseCaseTests.swift in Sources */ = {isa = PBXBuildFile; fileRef = 870DF357823C9E7CB690D24C /* TaskSyncUseCaseTests.swift */; };
		A4DEA310408DED532DF08D80 /* UnavailableTaskRemoteStore.swift in Sources */ = {isa = PBXBuildFile; fileRef = D8B176AFEA45B06E892C31E5 /* UnavailableTaskRemoteStore.swift */; };
		A64D225160CA8AE01A8C33A9 /* TaskEditingUseCase.swift in Sources */ = {isa = PBXBuildFile; fileRef = C189D8FE36D2D37EE8D238C9 /* TaskEditingUseCase.swift */; };
		B8261EF9A78560A4740E5F4E /* BoardView.swift in Sources */ = {isa = PBXBuildFile; fileRef = A2A26B3FBB9101C2DD937EF5 /* BoardView.swift */; };
		BF275EC2441B5F6824CAFABB /* TaskEditorView.swift in Sources */ = {isa = PBXBuildFile; fileRef = 17A659E563AF540AD89B4F99 /* TaskEditorView.swift */; };
		D129BBB365A1A5A979BD98AA /* TaskItem.swift in Sources */ = {isa = PBXBuildFile; fileRef = 6144309D3A84299AC6EE272B /* TaskItem.swift */; };
		DB6E0630CBC7BB6CA7A729C2 /* leveldb in Frameworks */ = {isa = PBXBuildFile; productRef = 1D85A8596900D6049AF81D82 /* leveldb */; };
		E1605C2BDC164E2CC0056C8D /* FirestoreTaskRemoteStoreTests.swift in Sources */ = {isa = PBXBuildFile; fileRef = 01C6748C8EA2AF40620CCF13 /* FirestoreTaskRemoteStoreTests.swift */; };
		FBF2502C8EB22107C130B275 /* FirebaseFirestore in Frameworks */ = {isa = PBXBuildFile; productRef = DA3BE56D5C3776534CCA8F3E /* FirebaseFirestore */; };
		FE602388004A230A86C21C7E /* Fakes.swift in Sources */ = {isa = PBXBuildFile; fileRef = 4627B2834DC45707D4B89504 /* Fakes.swift */; };
/* End PBXBuildFile section */

/* Begin PBXContainerItemProxy section */
		FE7E2BF33025B73E00BC558E /* PBXContainerItemProxy */ = {
			isa = PBXContainerItemProxy;
			containerPortal = P001 /* Project object */;
			proxyType = 1;
			remoteGlobalIDString = E201;
			remoteInfo = OfflineTaskBoard;
		};
/* End PBXContainerItemProxy section */

/* Begin PBXFileReference section */
		01C6748C8EA2AF40620CCF13 /* FirestoreTaskRemoteStoreTests.swift */ = {isa = PBXFileReference; includeInIndex = 1; lastKnownFileType = sourcecode.swift; path = FirestoreTaskRemoteStoreTests.swift; sourceTree = "<group>"; };
		17A659E563AF540AD89B4F99 /* TaskEditorView.swift */ = {isa = PBXFileReference; includeInIndex = 1; lastKnownFileType = sourcecode.swift; path = TaskEditorView.swift; sourceTree = "<group>"; };
		27B3B39CEC42323ECA984B85 /* TaskEditingUseCaseTests.swift */ = {isa = PBXFileReference; includeInIndex = 1; lastKnownFileType = sourcecode.swift; path = TaskEditingUseCaseTests.swift; sourceTree = "<group>"; };
		2AF30ED7B5333A817DC463BA /* TaskModel.swift */ = {isa = PBXFileReference; includeInIndex = 1; lastKnownFileType = sourcecode.swift; path = TaskModel.swift; sourceTree = "<group>"; };
		2D9E8451ED8D835D5889EE73 /* UnavailableTaskRemoteStoreTests.swift */ = {isa = PBXFileReference; includeInIndex = 1; lastKnownFileType = sourcecode.swift; path = UnavailableTaskRemoteStoreTests.swift; sourceTree = "<group>"; };
		3AD1B5894930101EC186DCFD /* SwiftDataTaskRepository.swift */ = {isa = PBXFileReference; includeInIndex = 1; lastKnownFileType = sourcecode.swift; path = SwiftDataTaskRepository.swift; sourceTree = "<group>"; };
		4627B2834DC45707D4B89504 /* Fakes.swift */ = {isa = PBXFileReference; includeInIndex = 1; lastKnownFileType = sourcecode.swift; path = Fakes.swift; sourceTree = "<group>"; };
		6144309D3A84299AC6EE272B /* TaskItem.swift */ = {isa = PBXFileReference; includeInIndex = 1; lastKnownFileType = sourcecode.swift; path = TaskItem.swift; sourceTree = "<group>"; };
		7259E9C78FD9893A2E9C91E3 /* TaskRemoteDataSource.swift */ = {isa = PBXFileReference; includeInIndex = 1; lastKnownFileType = sourcecode.swift; path = TaskRemoteDataSource.swift; sourceTree = "<group>"; };
		7CE5298C85B8ABEE9024C112 /* TaskRepository.swift */ = {isa = PBXFileReference; includeInIndex = 1; lastKnownFileType = sourcecode.swift; path = TaskRepository.swift; sourceTree = "<group>"; };
		7E66A14C5520655BED301EB3 /* FirestoreTaskRemoteStore.swift */ = {isa = PBXFileReference; includeInIndex = 1; lastKnownFileType = sourcecode.swift; path = FirestoreTaskRemoteStore.swift; sourceTree = "<group>"; };
		870DF357823C9E7CB690D24C /* TaskSyncUseCaseTests.swift */ = {isa = PBXFileReference; includeInIndex = 1; lastKnownFileType = sourcecode.swift; path = TaskSyncUseCaseTests.swift; sourceTree = "<group>"; };
		8877B58FB734777D9CF3F68F /* OfflineTaskBoardApp.swift */ = {isa = PBXFileReference; includeInIndex = 1; lastKnownFileType = sourcecode.swift; path = OfflineTaskBoardApp.swift; sourceTree = "<group>"; };
		900D77922E95224A16F5D43F /* SyncStatus.swift */ = {isa = PBXFileReference; includeInIndex = 1; lastKnownFileType = sourcecode.swift; path = SyncStatus.swift; sourceTree = "<group>"; };
		A2A26B3FBB9101C2DD937EF5 /* BoardView.swift */ = {isa = PBXFileReference; includeInIndex = 1; lastKnownFileType = sourcecode.swift; path = BoardView.swift; sourceTree = "<group>"; };
		A2EE8EA7696F4A021D0113D3 /* BoardViewModel.swift */ = {isa = PBXFileReference; includeInIndex = 1; lastKnownFileType = sourcecode.swift; path = BoardViewModel.swift; sourceTree = "<group>"; };
		A56BF92612E4EF348C2FEBFC /* AppDependencies.swift */ = {isa = PBXFileReference; includeInIndex = 1; lastKnownFileType = sourcecode.swift; path = AppDependencies.swift; sourceTree = "<group>"; };
		A80A78F76D7051661250BAEC /* TaskStatusStyle.swift */ = {isa = PBXFileReference; includeInIndex = 1; lastKnownFileType = sourcecode.swift; path = TaskStatusStyle.swift; sourceTree = "<group>"; };
		A9D6DDAD3753CF2557A5F0A3 /* TaskCardView.swift */ = {isa = PBXFileReference; includeInIndex = 1; lastKnownFileType = sourcecode.swift; path = TaskCardView.swift; sourceTree = "<group>"; };
		B201 /* OfflineTaskBoard.app */ = {isa = PBXFileReference; explicitFileType = wrapper.application; name = OfflineTaskBoard.app; path = "/Users/vaishnav/Documents/Codex/2026-08-07/TodoApp/build/Debug-iphoneos/OfflineTaskBoard.app"; sourceTree = "<absolute>"; };
		B202 /* OfflineTaskBoardTests.xctest */ = {isa = PBXFileReference; explicitFileType = wrapper.cfbundle; name = OfflineTaskBoardTests.xctest; path = "/Users/vaishnav/Documents/Codex/2026-08-07/TodoApp/build/Debug-iphoneos/OfflineTaskBoard.app/PlugIns/OfflineTaskBoardTests.xctest"; sourceTree = "<absolute>"; };
		BFFD777E95D2BA4B894D455B /* TaskStatus.swift */ = {isa = PBXFileReference; includeInIndex = 1; lastKnownFileType = sourcecode.swift; path = TaskStatus.swift; sourceTree = "<group>"; };
		C189D8FE36D2D37EE8D238C9 /* TaskEditingUseCase.swift */ = {isa = PBXFileReference; includeInIndex = 1; lastKnownFileType = sourcecode.swift; path = TaskEditingUseCase.swift; sourceTree = "<group>"; };
		C1DC05E935D1590B19B2D908 /* SwiftDataTaskRepositoryTests.swift */ = {isa = PBXFileReference; includeInIndex = 1; lastKnownFileType = sourcecode.swift; path = SwiftDataTaskRepositoryTests.swift; sourceTree = "<group>"; };
		D8B176AFEA45B06E892C31E5 /* UnavailableTaskRemoteStore.swift */ = {isa = PBXFileReference; includeInIndex = 1; lastKnownFileType = sourcecode.swift; path = UnavailableTaskRemoteStore.swift; sourceTree = "<group>"; };
		F7D681CCFD986B224638126C /* TaskSyncUseCase.swift */ = {isa = PBXFileReference; includeInIndex = 1; lastKnownFileType = sourcecode.swift; path = TaskSyncUseCase.swift; sourceTree = "<group>"; };
/* End PBXFileReference section */

/* Begin PBXFrameworksBuildPhase section */
		D201 /* Frameworks */ = {
			isa = PBXFrameworksBuildPhase;
			buildActionMask = 2147483647;
			files = (
				A179F433226CFDD960523F20 /* FirebaseCore in Frameworks */,
				FBF2502C8EB22107C130B275 /* FirebaseFirestore in Frameworks */,
				308189A39657CE5C46AFD113 /* abseil in Frameworks */,
				DB6E0630CBC7BB6CA7A729C2 /* leveldb in Frameworks */,
				88A3483AACDAE9ED6F8BCDC8 /* nanopb in Frameworks */,
				5C4073AC373ADAC0030A5CDA /* gRPC-Core in Frameworks */,
				74FF57C2ADB027FC3F22017C /* gRPC-C++ in Frameworks */,
			);
			runOnlyForDeploymentPostprocessing = 0;
		};
		D202 /* Frameworks */ = {
			isa = PBXFrameworksBuildPhase;
			buildActionMask = 2147483647;
			files = (
			);
			runOnlyForDeploymentPostprocessing = 0;
		};
/* End PBXFrameworksBuildPhase section */

/* Begin PBXGroup section */
		037A83CEDC7990613E6D0C85 /* Persistence */ = {
			isa = PBXGroup;
			children = (
				3AD1B5894930101EC186DCFD /* SwiftDataTaskRepository.swift */,
				2AF30ED7B5333A817DC463BA /* TaskModel.swift */,
			);
			name = Persistence;
			path = Persistence;
			sourceTree = "<group>";
		};
		060BC57B50136FD67FF23C8F /* Components */ = {
			isa = PBXGroup;
			children = (
			);
			name = Components;
			path = Components;
			sourceTree = "<group>";
		};
		21ECEA0DBB7FFCD806BCD651 /* Debug */ = {
			isa = PBXGroup;
			children = (
			);
			name = Debug;
			path = Debug;
			sourceTree = "<group>";
		};
		2FA98DB3EA69A67AFA7B35EE /* UseCases */ = {
			isa = PBXGroup;
			children = (
				C189D8FE36D2D37EE8D238C9 /* TaskEditingUseCase.swift */,
				F7D681CCFD986B224638126C /* TaskSyncUseCase.swift */,
			);
			name = UseCases;
			path = UseCases;
			sourceTree = "<group>";
		};
		3DA4153FD1461F68D1B30CC7 /* Remote */ = {
			isa = PBXGroup;
			children = (
				7E66A14C5520655BED301EB3 /* FirestoreTaskRemoteStore.swift */,
				D8B176AFEA45B06E892C31E5 /* UnavailableTaskRemoteStore.swift */,
			);
			name = Remote;
			path = Remote;
			sourceTree = "<group>";
		};
		4E0722D6AE244FDDF4EAFB0D /* OfflineTaskBoardTests */ = {
			isa = PBXGroup;
			children = (
				D430868AB782D5B2F4446698 /* Data */,
				59547D31C39D85ADBF218A37 /* Domain */,
				9485F5A0AA12E36DECCB23CD /* Presentation */,
			);
			name = OfflineTaskBoardTests;
			path = OfflineTaskBoardTests;
			sourceTree = "<group>";
		};
		59547D31C39D85ADBF218A37 /* Domain */ = {
			isa = PBXGroup;
			children = (
				4627B2834DC45707D4B89504 /* Fakes.swift */,
				27B3B39CEC42323ECA984B85 /* TaskEditingUseCaseTests.swift */,
				870DF357823C9E7CB690D24C /* TaskSyncUseCaseTests.swift */,
			);
			name = Domain;
			path = Domain;
			sourceTree = "<group>";
		};
		82986B56198081EF2D4EA937 /* OfflineTaskBoard */ = {
			isa = PBXGroup;
			children = (
				FB1BB2F64F5FE9E088EAB5AB /* App */,
				A4D6543D200E4237CDB131E8 /* Data */,
				C008F36E12C91D788A68FFD9 /* Domain */,
				91358AA20236B875A3C0415B /* Presentation */,
			);
			name = OfflineTaskBoard;
			path = OfflineTaskBoard;
			sourceTree = "<group>";
		};
		8CAAC72F53A3A058D3BEB6A2 /* TaskEditor */ = {
			isa = PBXGroup;
			children = (
				17A659E563AF540AD89B4F99 /* TaskEditorView.swift */,
			);
			name = TaskEditor;
			path = TaskEditor;
			sourceTree = "<group>";
		};
		91358AA20236B875A3C0415B /* Presentation */ = {
			isa = PBXGroup;
			children = (
				CC88CBA03423226878186064 /* Board */,
				060BC57B50136FD67FF23C8F /* Components */,
				21ECEA0DBB7FFCD806BCD651 /* Debug */,
				8CAAC72F53A3A058D3BEB6A2 /* TaskEditor */,
			);
			name = Presentation;
			path = Presentation;
			sourceTree = "<group>";
		};
		9485F5A0AA12E36DECCB23CD /* Presentation */ = {
			isa = PBXGroup;
			children = (
			);
			name = Presentation;
			path = Presentation;
			sourceTree = "<group>";
		};
		A4D6543D200E4237CDB131E8 /* Data */ = {
			isa = PBXGroup;
			children = (
				037A83CEDC7990613E6D0C85 /* Persistence */,
				3DA4153FD1461F68D1B30CC7 /* Remote */,
			);
			name = Data;
			path = Data;
			sourceTree = "<group>";
		};
		A770921E00A026EE66F266E6 /* Entities */ = {
			isa = PBXGroup;
			children = (
				900D77922E95224A16F5D43F /* SyncStatus.swift */,
				6144309D3A84299AC6EE272B /* TaskItem.swift */,
				BFFD777E95D2BA4B894D455B /* TaskStatus.swift */,
			);
			name = Entities;
			path = Entities;
			sourceTree = "<group>";
		};
		C001 = {
			isa = PBXGroup;
			children = (
				82986B56198081EF2D4EA937 /* OfflineTaskBoard */,
				4E0722D6AE244FDDF4EAFB0D /* OfflineTaskBoardTests */,
			);
			sourceTree = "<group>";
		};
		C008F36E12C91D788A68FFD9 /* Domain */ = {
			isa = PBXGroup;
			children = (
				A770921E00A026EE66F266E6 /* Entities */,
				DB929EB913BD1C255C94D3A3 /* Repositories */,
				2FA98DB3EA69A67AFA7B35EE /* UseCases */,
			);
			name = Domain;
			path = Domain;
			sourceTree = "<group>";
		};
		CC88CBA03423226878186064 /* Board */ = {
			isa = PBXGroup;
			children = (
				A2A26B3FBB9101C2DD937EF5 /* BoardView.swift */,
				A2EE8EA7696F4A021D0113D3 /* BoardViewModel.swift */,
				A9D6DDAD3753CF2557A5F0A3 /* TaskCardView.swift */,
				A80A78F76D7051661250BAEC /* TaskStatusStyle.swift */,
			);
			name = Board;
			path = Board;
			sourceTree = "<group>";
		};
		D430868AB782D5B2F4446698 /* Data */ = {
			isa = PBXGroup;
			children = (
				01C6748C8EA2AF40620CCF13 /* FirestoreTaskRemoteStoreTests.swift */,
				C1DC05E935D1590B19B2D908 /* SwiftDataTaskRepositoryTests.swift */,
				2D9E8451ED8D835D5889EE73 /* UnavailableTaskRemoteStoreTests.swift */,
			);
			name = Data;
			path = Data;
			sourceTree = "<group>";
		};
		DB929EB913BD1C255C94D3A3 /* Repositories */ = {
			isa = PBXGroup;
			children = (
				7259E9C78FD9893A2E9C91E3 /* TaskRemoteDataSource.swift */,
				7CE5298C85B8ABEE9024C112 /* TaskRepository.swift */,
			);
			name = Repositories;
			path = Repositories;
			sourceTree = "<group>";
		};
		FB1BB2F64F5FE9E088EAB5AB /* App */ = {
			isa = PBXGroup;
			children = (
				A56BF92612E4EF348C2FEBFC /* AppDependencies.swift */,
				8877B58FB734777D9CF3F68F /* OfflineTaskBoardApp.swift */,
			);
			name = App;
			path = App;
			sourceTree = "<group>";
		};
/* End PBXGroup section */

/* Begin PBXNativeTarget section */
		E201 /* OfflineTaskBoard */ = {
			isa = PBXNativeTarget;
			buildConfigurationList = F201 /* Build configuration list for PBXNativeTarget "OfflineTaskBoard" */;
			buildPhases = (
				D201 /* Frameworks */,
				G201 /* Sources */,
			);
			buildRules = (
			);
			dependencies = (
			);
			name = OfflineTaskBoard;
			packageProductDependencies = (
				61159485D5EDB0252253ABBF /* FirebaseCore */,
				DA3BE56D5C3776534CCA8F3E /* FirebaseFirestore */,
				2EFE5DEA39E192BC335F5D6B /* abseil */,
				1D85A8596900D6049AF81D82 /* leveldb */,
				167BD923CD0FFFC6990ECB32 /* nanopb */,
				A7BE44D3D7E7BD4F1DB4D31A /* gRPC-Core */,
				0DCE43DB826745C5B2F22485 /* gRPC-C++ */,
			);
			productName = OfflineTaskBoard;
			productReference = B201 /* OfflineTaskBoard.app */;
			productType = "com.apple.product-type.application";
		};
		E202 /* OfflineTaskBoardTests */ = {
			isa = PBXNativeTarget;
			buildConfigurationList = F202 /* Build configuration list for PBXNativeTarget "OfflineTaskBoardTests" */;
			buildPhases = (
				D202 /* Frameworks */,
				G202 /* Sources */,
			);
			buildRules = (
			);
			dependencies = (
				H201 /* PBXTargetDependency */,
			);
			name = OfflineTaskBoardTests;
			productName = OfflineTaskBoardTests;
			productReference = B202 /* OfflineTaskBoardTests.xctest */;
			productType = "com.apple.product-type.bundle.unit-test";
		};
/* End PBXNativeTarget section */

/* Begin PBXProject section */
		P001 /* Project object */ = {
			isa = PBXProject;
			attributes = {
				LastUpgradeCheck = 1600;
			};
			buildConfigurationList = F001 /* Build configuration list for PBXProject "OfflineTaskBoard" */;
			compatibilityVersion = "Xcode 14.0";
			developmentRegion = en;
			hasScannedForEncodings = 0;
			knownRegions = (
				en,
				Base,
			);
			mainGroup = C001;
			packageReferences = (
				E33A80066C78BE34CBD109F8 /* XCRemoteSwiftPackageReference "firebase-ios-sdk" */,
			);
			productRefGroup = C001;
			projectDirPath = "";
			projectRoot = "";
			targets = (
				E201 /* OfflineTaskBoard */,
				E202 /* OfflineTaskBoardTests */,
			);
		};
/* End PBXProject section */

/* Begin PBXSourcesBuildPhase section */
		G201 /* Sources */ = {
			isa = PBXSourcesBuildPhase;
			buildActionMask = 2147483647;
			files = (
				62525A61DA92B2599DBCB988 /* AppDependencies.swift in Sources */,
				07EACECC1B10C61A136D36A4 /* OfflineTaskBoardApp.swift in Sources */,
				64583BEA3DB36DF989242197 /* SwiftDataTaskRepository.swift in Sources */,
				711B0A177D9ABECD871996B6 /* TaskModel.swift in Sources */,
				667B7953BCFF6319859B662B /* FirestoreTaskRemoteStore.swift in Sources */,
				A4DEA310408DED532DF08D80 /* UnavailableTaskRemoteStore.swift in Sources */,
				00C3B8D756706654021B821A /* SyncStatus.swift in Sources */,
				D129BBB365A1A5A979BD98AA /* TaskItem.swift in Sources */,
				158F54FB4E362959D9AFADFF /* TaskStatus.swift in Sources */,
				27BBC51A3ED496310BEBF3B5 /* TaskRemoteDataSource.swift in Sources */,
				0404A946BAC0797B6579893E /* TaskRepository.swift in Sources */,
				A64D225160CA8AE01A8C33A9 /* TaskEditingUseCase.swift in Sources */,
				6F12A877DF72F4F900788623 /* TaskSyncUseCase.swift in Sources */,
				B8261EF9A78560A4740E5F4E /* BoardView.swift in Sources */,
				072B79AA882569668263CB47 /* BoardViewModel.swift in Sources */,
				5F3B039A420573D83C90D1CD /* TaskCardView.swift in Sources */,
				2975704F39895F81D624B8B4 /* TaskStatusStyle.swift in Sources */,
				BF275EC2441B5F6824CAFABB /* TaskEditorView.swift in Sources */,
			);
			runOnlyForDeploymentPostprocessing = 0;
		};
		G202 /* Sources */ = {
			isa = PBXSourcesBuildPhase;
			buildActionMask = 2147483647;
			files = (
				E1605C2BDC164E2CC0056C8D /* FirestoreTaskRemoteStoreTests.swift in Sources */,
				704C640478E9149694FFEE81 /* SwiftDataTaskRepositoryTests.swift in Sources */,
				52BC249E503C2F63F259EC0F /* UnavailableTaskRemoteStoreTests.swift in Sources */,
				FE602388004A230A86C21C7E /* Fakes.swift in Sources */,
				3A1EE3CC14F208403D1937AD /* TaskEditingUseCaseTests.swift in Sources */,
				A191CCE83080DBFDE79C5BB5 /* TaskSyncUseCaseTests.swift in Sources */,
			);
			runOnlyForDeploymentPostprocessing = 0;
		};
/* End PBXSourcesBuildPhase section */

/* Begin PBXTargetDependency section */
		H201 /* PBXTargetDependency */ = {
			isa = PBXTargetDependency;
			target = E201 /* OfflineTaskBoard */;
			targetProxy = FE7E2BF33025B73E00BC558E /* PBXContainerItemProxy */;
		};
/* End PBXTargetDependency section */

/* Begin XCBuildConfiguration section */
		I001 /* Debug */ = {
			isa = XCBuildConfiguration;
			buildSettings = {
				ENABLE_TESTABILITY = YES;
				IPHONEOS_DEPLOYMENT_TARGET = 26.0;
				SWIFT_VERSION = 5.0;
			};
			name = Debug;
		};
		I002 /* Release */ = {
			isa = XCBuildConfiguration;
			buildSettings = {
				IPHONEOS_DEPLOYMENT_TARGET = 26.0;
				SWIFT_VERSION = 5.0;
			};
			name = Release;
		};
		I201 /* Debug */ = {
			isa = XCBuildConfiguration;
			buildSettings = {
				ASSETCATALOG_COMPILER_APPICON_NAME = AppIcon;
				CODE_SIGN_STYLE = Automatic;
				ENABLE_TESTABILITY = YES;
				GENERATE_INFOPLIST_FILE = YES;
				INFOPLIST_KEY_UILaunchScreen_Generation = YES;
				IPHONEOS_DEPLOYMENT_TARGET = 26.0;
				PRODUCT_BUNDLE_IDENTIFIER = com.vaishnav.OfflineTaskBoard;
				PRODUCT_NAME = OfflineTaskBoard;
				SDKROOT = iphoneos;
				SUPPORTED_PLATFORMS = "iphoneos iphonesimulator";
				SWIFT_VERSION = 5.0;
				TARGETED_DEVICE_FAMILY = 1;
			};
			name = Debug;
		};
		I202 /* Release */ = {
			isa = XCBuildConfiguration;
			buildSettings = {
				ASSETCATALOG_COMPILER_APPICON_NAME = AppIcon;
				CODE_SIGN_STYLE = Automatic;
				GENERATE_INFOPLIST_FILE = YES;
				INFOPLIST_KEY_UILaunchScreen_Generation = YES;
				IPHONEOS_DEPLOYMENT_TARGET = 26.0;
				PRODUCT_BUNDLE_IDENTIFIER = com.vaishnav.OfflineTaskBoard;
				PRODUCT_NAME = OfflineTaskBoard;
				SDKROOT = iphoneos;
				SUPPORTED_PLATFORMS = "iphoneos iphonesimulator";
				SWIFT_VERSION = 5.0;
				TARGETED_DEVICE_FAMILY = 1;
			};
			name = Release;
		};
		I203 /* Debug */ = {
			isa = XCBuildConfiguration;
			buildSettings = {
				BUNDLE_LOADER = "$(TEST_HOST)";
				ENABLE_TESTABILITY = YES;
				GENERATE_INFOPLIST_FILE = YES;
				INFOPLIST_KEY_UILaunchScreen_Generation = YES;
				IPHONEOS_DEPLOYMENT_TARGET = 26.0;
				PRODUCT_BUNDLE_IDENTIFIER = com.vaishnav.OfflineTaskBoardTests;
				PRODUCT_NAME = OfflineTaskBoardTests;
				SDKROOT = iphoneos;
				SUPPORTED_PLATFORMS = "iphoneos iphonesimulator";
				SWIFT_VERSION = 5.0;
				TEST_HOST = "$(BUILT_PRODUCTS_DIR)/OfflineTaskBoard.app/OfflineTaskBoard";
			};
			name = Debug;
		};
		I204 /* Release */ = {
			isa = XCBuildConfiguration;
			buildSettings = {
				BUNDLE_LOADER = "$(TEST_HOST)";
				GENERATE_INFOPLIST_FILE = YES;
				INFOPLIST_KEY_UILaunchScreen_Generation = YES;
				IPHONEOS_DEPLOYMENT_TARGET = 26.0;
				PRODUCT_BUNDLE_IDENTIFIER = com.vaishnav.OfflineTaskBoardTests;
				PRODUCT_NAME = OfflineTaskBoardTests;
				SDKROOT = iphoneos;
				SUPPORTED_PLATFORMS = "iphoneos iphonesimulator";
				SWIFT_VERSION = 5.0;
				TEST_HOST = "$(BUILT_PRODUCTS_DIR)/OfflineTaskBoard.app/OfflineTaskBoard";
			};
			name = Release;
		};
/* End XCBuildConfiguration section */

/* Begin XCConfigurationList section */
		F001 /* Build configuration list for PBXProject "OfflineTaskBoard" */ = {
			isa = XCConfigurationList;
			buildConfigurations = (
				I001 /* Debug */,
				I002 /* Release */,
			);
			defaultConfigurationIsVisible = 0;
			defaultConfigurationName = Release;
		};
		F201 /* Build configuration list for PBXNativeTarget "OfflineTaskBoard" */ = {
			isa = XCConfigurationList;
			buildConfigurations = (
				I201 /* Debug */,
				I202 /* Release */,
			);
			defaultConfigurationIsVisible = 0;
			defaultConfigurationName = Release;
		};
		F202 /* Build configuration list for PBXNativeTarget "OfflineTaskBoardTests" */ = {
			isa = XCConfigurationList;
			buildConfigurations = (
				I203 /* Debug */,
				I204 /* Release */,
			);
			defaultConfigurationIsVisible = 0;
			defaultConfigurationName = Release;
		};
/* End XCConfigurationList section */

/* Begin XCRemoteSwiftPackageReference section */
		E33A80066C78BE34CBD109F8 /* XCRemoteSwiftPackageReference "firebase-ios-sdk" */ = {
			isa = XCRemoteSwiftPackageReference;
			repositoryURL = "https://github.com/firebase/firebase-ios-sdk";
			requirement = {
				kind = upToNextMajorVersion;
				minimumVersion = 12.0.0;
			};
		};
/* End XCRemoteSwiftPackageReference section */

/* Begin XCSwiftPackageProductDependency section */
		0DCE43DB826745C5B2F22485 /* gRPC-C++ */ = {
			isa = XCSwiftPackageProductDependency;
			package = E33A80066C78BE34CBD109F8 /* XCRemoteSwiftPackageReference "firebase-ios-sdk" */;
			productName = "gRPC-C++";
		};
		167BD923CD0FFFC6990ECB32 /* nanopb */ = {
			isa = XCSwiftPackageProductDependency;
			package = E33A80066C78BE34CBD109F8 /* XCRemoteSwiftPackageReference "firebase-ios-sdk" */;
			productName = nanopb;
		};
		1D85A8596900D6049AF81D82 /* leveldb */ = {
			isa = XCSwiftPackageProductDependency;
			package = E33A80066C78BE34CBD109F8 /* XCRemoteSwiftPackageReference "firebase-ios-sdk" */;
			productName = leveldb;
		};
		2EFE5DEA39E192BC335F5D6B /* abseil */ = {
			isa = XCSwiftPackageProductDependency;
			package = E33A80066C78BE34CBD109F8 /* XCRemoteSwiftPackageReference "firebase-ios-sdk" */;
			productName = abseil;
		};
		61159485D5EDB0252253ABBF /* FirebaseCore */ = {
			isa = XCSwiftPackageProductDependency;
			package = E33A80066C78BE34CBD109F8 /* XCRemoteSwiftPackageReference "firebase-ios-sdk" */;
			productName = FirebaseCore;
		};
		A7BE44D3D7E7BD4F1DB4D31A /* gRPC-Core */ = {
			isa = XCSwiftPackageProductDependency;
			package = E33A80066C78BE34CBD109F8 /* XCRemoteSwiftPackageReference "firebase-ios-sdk" */;
			productName = "gRPC-Core";
		};
		DA3BE56D5C3776534CCA8F3E /* FirebaseFirestore */ = {
			isa = XCSwiftPackageProductDependency;
			package = E33A80066C78BE34CBD109F8 /* XCRemoteSwiftPackageReference "firebase-ios-sdk" */;
			productName = FirebaseFirestore;
		};
/* End XCSwiftPackageProductDependency section */
	};
	rootObject = P001 /* Project object */;
}
