// !$*UTF8*$!
{
	archiveVersion = 1;
	classes = {
	};
	objectVersion = 56;
	objects = {

/* Begin PBXBuildFile section */
		0041B1D42B4911FD61F5E6DB /* UnavailableTaskRemoteStoreTests.swift in Sources */ = {isa = PBXBuildFile; fileRef = 37871176AAE008D9D4426105 /* UnavailableTaskRemoteStoreTests.swift */; };
		11A8C1CBCB8785C0526C8212 /* Fakes.swift in Sources */ = {isa = PBXBuildFile; fileRef = 6AA5F30C901AE1794A355C85 /* Fakes.swift */; };
		1E167CDBA9ACA2CCC7C0E102 /* TaskStatusStyle.swift in Sources */ = {isa = PBXBuildFile; fileRef = D38B96B722AA02F967DD361B /* TaskStatusStyle.swift */; };
		230C1B5CE9614BDB3648E8AB /* FirestoreTaskRemoteStoreTests.swift in Sources */ = {isa = PBXBuildFile; fileRef = EBD22F73A81BC242505275F7 /* FirestoreTaskRemoteStoreTests.swift */; };
		275B8B0C2737DA4F94C221DE /* BoardView.swift in Sources */ = {isa = PBXBuildFile; fileRef = B15FFE46DBC04DC7D5BE333D /* BoardView.swift */; };
		2B65882FE421603F0962AB40 /* TaskSyncUseCaseTests.swift in Sources */ = {isa = PBXBuildFile; fileRef = 0E49C8AE3371415551F1A8DB /* TaskSyncUseCaseTests.swift */; };
		308189A39657CE5C46AFD113 /* abseil in Frameworks */ = {isa = PBXBuildFile; productRef = 2EFE5DEA39E192BC335F5D6B /* abseil */; };
		408A05A747B47F6886ADFC8A /* TaskCardView.swift in Sources */ = {isa = PBXBuildFile; fileRef = 55DD4B726AA949103B42DE91 /* TaskCardView.swift */; };
		4335FACDB1809AFBB786651B /* RootView.swift in Sources */ = {isa = PBXBuildFile; fileRef = 73C6B62435DFC1B69A00B571 /* RootView.swift */; };
		4560D5A6FCC9BA3E4D2F073A /* TaskSyncUseCase.swift in Sources */ = {isa = PBXBuildFile; fileRef = 877088C58083E94A000E68F3 /* TaskSyncUseCase.swift */; };
		4659C5BD2C23E62BCFDCC5BC /* TaskEditorView.swift in Sources */ = {isa = PBXBuildFile; fileRef = 6D7415935C73DFB718F114CE /* TaskEditorView.swift */; };
		4E5312D2D9F0694A5F168739 /* TaskModel.swift in Sources */ = {isa = PBXBuildFile; fileRef = 1605A219DDE38EA153E1B723 /* TaskModel.swift */; };
		5755810C0989CEE3F9A12771 /* TaskRepository.swift in Sources */ = {isa = PBXBuildFile; fileRef = A21E7A7EF7D5F90D113E5F22 /* TaskRepository.swift */; };
		5C4073AC373ADAC0030A5CDA /* gRPC-Core in Frameworks */ = {isa = PBXBuildFile; productRef = A7BE44D3D7E7BD4F1DB4D31A /* gRPC-Core */; };
		70F8C3E881830243DB5C763B /* SwiftDataTaskRepository.swift in Sources */ = {isa = PBXBuildFile; fileRef = D05E9B76B0B319DC7998875D /* SwiftDataTaskRepository.swift */; };
		74FF57C2ADB027FC3F22017C /* gRPC-C++ in Frameworks */ = {isa = PBXBuildFile; productRef = 0DCE43DB826745C5B2F22485 /* gRPC-C++ */; };
		7D1EBA200A08EC354F3412FD /* TaskEditingUseCaseTests.swift in Sources */ = {isa = PBXBuildFile; fileRef = FE24BF3297F7B054DA761991 /* TaskEditingUseCaseTests.swift */; };
		88A3483AACDAE9ED6F8BCDC8 /* nanopb in Frameworks */ = {isa = PBXBuildFile; productRef = 167BD923CD0FFFC6990ECB32 /* nanopb */; };
		88DCE80CB074D817857E33EF /* TaskEditingUseCase.swift in Sources */ = {isa = PBXBuildFile; fileRef = A69DBD9D62B5D7B0148D77AF /* TaskEditingUseCase.swift */; };
		96309483D6E30D89897DA0F5 /* SyncStatus.swift in Sources */ = {isa = PBXBuildFile; fileRef = 9029E2E71F26ADBA42D3CF12 /* SyncStatus.swift */; };
		A083A887E1F14D730732C5CE /* OfflineTaskBoardApp.swift in Sources */ = {isa = PBXBuildFile; fileRef = FB9D417E721407A93FE00DE1 /* OfflineTaskBoardApp.swift */; };
		A179F433226CFDD960523F20 /* FirebaseCore in Frameworks */ = {isa = PBXBuildFile; productRef = 61159485D5EDB0252253ABBF /* FirebaseCore */; };
		A7322AB5F1E434358672E03D /* SwiftDataTaskRepositoryTests.swift in Sources */ = {isa = PBXBuildFile; fileRef = A33B4BF0DDECC784A5D2CBD2 /* SwiftDataTaskRepositoryTests.swift */; };
		A7369304442E7F8DC2B78670 /* TaskRemoteDataSource.swift in Sources */ = {isa = PBXBuildFile; fileRef = 6F8101713D7125FFF2C6A7D1 /* TaskRemoteDataSource.swift */; };
		B886C9C37EF95762578592FC /* LaunchScreen.storyboard in Resources */ = {isa = PBXBuildFile; fileRef = 69880DBF24BF38DBAFB233E3 /* LaunchScreen.storyboard */; };
		C4380137253F7DC593242721 /* TaskItem.swift in Sources */ = {isa = PBXBuildFile; fileRef = 605639B3CA1D93E4E0E52795 /* TaskItem.swift */; };
		D1FBE862F05172417E7DE90E /* Assets.xcassets in Resources */ = {isa = PBXBuildFile; fileRef = 927E2F4CE1F27B2D4BDBD41E /* Assets.xcassets */; };
		D4EE5BD31562F9AD8DD4054F /* FirestoreTaskRemoteStore.swift in Sources */ = {isa = PBXBuildFile; fileRef = 29C5445D473A6D3631D2494D /* FirestoreTaskRemoteStore.swift */; };
		D89168DFBB782983E0AEEB32 /* GoogleService-Info.plist in Resources */ = {isa = PBXBuildFile; fileRef = F3412444C53711E20324E047 /* GoogleService-Info.plist */; };
		DB6E0630CBC7BB6CA7A729C2 /* leveldb in Frameworks */ = {isa = PBXBuildFile; productRef = 1D85A8596900D6049AF81D82 /* leveldb */; };
		DE29A26AA0DFBAE04FA162AD /* AppDependencies.swift in Sources */ = {isa = PBXBuildFile; fileRef = BFEA1ACCC855850DA624A74F /* AppDependencies.swift */; };
		ED2E999CC9D5F354584F8FFB /* SplashView.swift in Sources */ = {isa = PBXBuildFile; fileRef = C5B6069D1CCFB2D1D44C7F89 /* SplashView.swift */; };
		FBF2502C8EB22107C130B275 /* FirebaseFirestore in Frameworks */ = {isa = PBXBuildFile; productRef = DA3BE56D5C3776534CCA8F3E /* FirebaseFirestore */; };
		FD81CB5F9D8362CC8DAC642A /* TaskStatus.swift in Sources */ = {isa = PBXBuildFile; fileRef = C0383F1FC9290A5511E1EC35 /* TaskStatus.swift */; };
		FE4038B690E4D340E922E25E /* UnavailableTaskRemoteStore.swift in Sources */ = {isa = PBXBuildFile; fileRef = 4D4942BD7287827FEA96DAE2 /* UnavailableTaskRemoteStore.swift */; };
		FF924AB7339BD56AE998BB9B /* BoardViewModel.swift in Sources */ = {isa = PBXBuildFile; fileRef = B647D71F619CEE05C4BEA27E /* BoardViewModel.swift */; };
/* End PBXBuildFile section */

/* Begin PBXContainerItemProxy section */
		FE7E2BF33025B73E00BC558E /* PBXContainerItemProxy */ = {
			isa = PBXContainerItemProxy;
			containerPortal = P001 /* Project object */;
			proxyType = 1;
			remoteGlobalIDString = E201;
			remoteInfo = OfflineTaskBoard;
		};
/* End PBXContainerItemProxy section */

/* Begin PBXFileReference section */
		07A43BA43A5130100074E180 /* SwiftDataTaskRepository.swift */ = {isa = PBXFileReference; includeInIndex = 1; lastKnownFileType = sourcecode.swift; path = SwiftDataTaskRepository.swift; sourceTree = "<group>"; };
		09B9F4BEEB963E9F38F3087F /* TaskModel.swift */ = {isa = PBXFileReference; includeInIndex = 1; lastKnownFileType = sourcecode.swift; path = TaskModel.swift; sourceTree = "<group>"; };
		0E49C8AE3371415551F1A8DB /* TaskSyncUseCaseTests.swift */ = {isa = PBXFileReference; includeInIndex = 1; lastKnownFileType = sourcecode.swift; path = TaskSyncUseCaseTests.swift; sourceTree = "<group>"; };
		147180969BC07ABA016F127C /* TaskStatusStyle.swift */ = {isa = PBXFileReference; includeInIndex = 1; lastKnownFileType = sourcecode.swift; path = TaskStatusStyle.swift; sourceTree = "<group>"; };
		1605A219DDE38EA153E1B723 /* TaskModel.swift */ = {isa = PBXFileReference; includeInIndex = 1; lastKnownFileType = sourcecode.swift; path = TaskModel.swift; sourceTree = "<group>"; };
		164FE5775991529F36B38024 /* TaskItem.swift */ = {isa = PBXFileReference; includeInIndex = 1; lastKnownFileType = sourcecode.swift; path = TaskItem.swift; sourceTree = "<group>"; };
		1667C9A105961335221B2D23 /* RootView.swift */ = {isa = PBXFileReference; includeInIndex = 1; lastKnownFileType = sourcecode.swift; path = RootView.swift; sourceTree = "<group>"; };
		29C5445D473A6D3631D2494D /* FirestoreTaskRemoteStore.swift */ = {isa = PBXFileReference; includeInIndex = 1; lastKnownFileType = sourcecode.swift; path = FirestoreTaskRemoteStore.swift; sourceTree = "<group>"; };
		32FD0048FCCA1B1CD62AE089 /* TaskEditingUseCaseTests.swift */ = {isa = PBXFileReference; includeInIndex = 1; lastKnownFileType = sourcecode.swift; path = TaskEditingUseCaseTests.swift; sourceTree = "<group>"; };
		37871176AAE008D9D4426105 /* UnavailableTaskRemoteStoreTests.swift */ = {isa = PBXFileReference; includeInIndex = 1; lastKnownFileType = sourcecode.swift; path = UnavailableTaskRemoteStoreTests.swift; sourceTree = "<group>"; };
		3BBAABE6299ACD2412410BFB /* TaskSyncUseCase.swift */ = {isa = PBXFileReference; includeInIndex = 1; lastKnownFileType = sourcecode.swift; path = TaskSyncUseCase.swift; sourceTree = "<group>"; };
		43BCD7DFC62200E9F2934171 /* TaskCardView.swift */ = {isa = PBXFileReference; includeInIndex = 1; lastKnownFileType = sourcecode.swift; path = TaskCardView.swift; sourceTree = "<group>"; };
		45551387049FAB86E75179D8 /* Fakes.swift */ = {isa = PBXFileReference; includeInIndex = 1; lastKnownFileType = sourcecode.swift; path = Fakes.swift; sourceTree = "<group>"; };
		4A114298195391F5F6C6080E /* OfflineTaskBoard.app */ = {isa = PBXFileReference; explicitFileType = wrapper.application; includeInIndex = 0; lastKnownFileType = wrapper.application; path = OfflineTaskBoard.app; sourceTree = BUILT_PRODUCTS_DIR; };
		4D4942BD7287827FEA96DAE2 /* UnavailableTaskRemoteStore.swift */ = {isa = PBXFileReference; includeInIndex = 1; lastKnownFileType = sourcecode.swift; path = UnavailableTaskRemoteStore.swift; sourceTree = "<group>"; };
		52356A7F765C584E88702114 /* FirestoreTaskRemoteStoreTests.swift */ = {isa = PBXFileReference; includeInIndex = 1; lastKnownFileType = sourcecode.swift; path = FirestoreTaskRemoteStoreTests.swift; sourceTree = "<group>"; };
		541A3B65BD85D6F0C3EE2C9B /* LaunchScreen.storyboard */ = {isa = PBXFileReference; includeInIndex = 1; lastKnownFileType = file.storyboard; path = LaunchScreen.storyboard; sourceTree = "<group>"; };
		55DD4B726AA949103B42DE91 /* TaskCardView.swift */ = {isa = PBXFileReference; includeInIndex = 1; lastKnownFileType = sourcecode.swift; path = TaskCardView.swift; sourceTree = "<group>"; };
		605639B3CA1D93E4E0E52795 /* TaskItem.swift */ = {isa = PBXFileReference; includeInIndex = 1; lastKnownFileType = sourcecode.swift; path = TaskItem.swift; sourceTree = "<group>"; };
		64B865A6F8B8B7819C706CE8 /* TaskSyncUseCaseTests.swift */ = {isa = PBXFileReference; includeInIndex = 1; lastKnownFileType = sourcecode.swift; path = TaskSyncUseCaseTests.swift; sourceTree = "<group>"; };
		6805529D9EE6A55310816713 /* SyncStatus.swift */ = {isa = PBXFileReference; includeInIndex = 1; lastKnownFileType = sourcecode.swift; path = SyncStatus.swift; sourceTree = "<group>"; };
		69880DBF24BF38DBAFB233E3 /* LaunchScreen.storyboard */ = {isa = PBXFileReference; includeInIndex = 1; lastKnownFileType = file.storyboard; path = LaunchScreen.storyboard; sourceTree = "<group>"; };
		6A077BAF4E488ABB3E20B7B3 /* OfflineTaskBoardApp.swift */ = {isa = PBXFileReference; includeInIndex = 1; lastKnownFileType = sourcecode.swift; path = OfflineTaskBoardApp.swift; sourceTree = "<group>"; };
		6AA5F30C901AE1794A355C85 /* Fakes.swift */ = {isa = PBXFileReference; includeInIndex = 1; lastKnownFileType = sourcecode.swift; path = Fakes.swift; sourceTree = "<group>"; };
		6D7415935C73DFB718F114CE /* TaskEditorView.swift */ = {isa = PBXFileReference; includeInIndex = 1; lastKnownFileType = sourcecode.swift; path = TaskEditorView.swift; sourceTree = "<group>"; };
		6F8101713D7125FFF2C6A7D1 /* TaskRemoteDataSource.swift */ = {isa = PBXFileReference; includeInIndex = 1; lastKnownFileType = sourcecode.swift; path = TaskRemoteDataSource.swift; sourceTree = "<group>"; };
		72795E9E4336FD7CD1F5922B /* TaskEditingUseCase.swift */ = {isa = PBXFileReference; includeInIndex = 1; lastKnownFileType = sourcecode.swift; path = TaskEditingUseCase.swift; sourceTree = "<group>"; };
		73C6B62435DFC1B69A00B571 /* RootView.swift */ = {isa = PBXFileReference; includeInIndex = 1; lastKnownFileType = sourcecode.swift; path = RootView.swift; sourceTree = "<group>"; };
		7807BFE0E4E3922D8459E742 /* UnavailableTaskRemoteStore.swift */ = {isa = PBXFileReference; includeInIndex = 1; lastKnownFileType = sourcecode.swift; path = UnavailableTaskRemoteStore.swift; sourceTree = "<group>"; };
		7D3658AAD69F38E5F0CAFE6E /* SwiftDataTaskRepositoryTests.swift */ = {isa = PBXFileReference; includeInIndex = 1; lastKnownFileType = sourcecode.swift; path = SwiftDataTaskRepositoryTests.swift; sourceTree = "<group>"; };
		8649DD969AB9F1F01933FF4E /* TaskEditorView.swift */ = {isa = PBXFileReference; includeInIndex = 1; lastKnownFileType = sourcecode.swift; path = TaskEditorView.swift; sourceTree = "<group>"; };
		877088C58083E94A000E68F3 /* TaskSyncUseCase.swift */ = {isa = PBXFileReference; includeInIndex = 1; lastKnownFileType = sourcecode.swift; path = TaskSyncUseCase.swift; sourceTree = "<group>"; };
		9029E2E71F26ADBA42D3CF12 /* SyncStatus.swift */ = {isa = PBXFileReference; includeInIndex = 1; lastKnownFileType = sourcecode.swift; path = SyncStatus.swift; sourceTree = "<group>"; };
		925174D3FFF2C1281FB94D4C /* UnavailableTaskRemoteStoreTests.swift */ = {isa = PBXFileReference; includeInIndex = 1; lastKnownFileType = sourcecode.swift; path = UnavailableTaskRemoteStoreTests.swift; sourceTree = "<group>"; };
		927E2F4CE1F27B2D4BDBD41E /* Assets.xcassets */ = {isa = PBXFileReference; includeInIndex = 1; lastKnownFileType = folder.assetcatalog; path = Assets.xcassets; sourceTree = "<group>"; };
		98365327BE90FFA4A1FFCD09 /* TaskRepository.swift */ = {isa = PBXFileReference; includeInIndex = 1; lastKnownFileType = sourcecode.swift; path = TaskRepository.swift; sourceTree = "<group>"; };
		A21E7A7EF7D5F90D113E5F22 /* TaskRepository.swift */ = {isa = PBXFileReference; includeInIndex = 1; lastKnownFileType = sourcecode.swift; path = TaskRepository.swift; sourceTree = "<group>"; };
		A33B4BF0DDECC784A5D2CBD2 /* SwiftDataTaskRepositoryTests.swift */ = {isa = PBXFileReference; includeInIndex = 1; lastKnownFileType = sourcecode.swift; path = SwiftDataTaskRepositoryTests.swift; sourceTree = "<group>"; };
		A349717EDCD3E38BD731F272 /* FirestoreTaskRemoteStore.swift */ = {isa = PBXFileReference; includeInIndex = 1; lastKnownFileType = sourcecode.swift; path = FirestoreTaskRemoteStore.swift; sourceTree = "<group>"; };
		A69DBD9D62B5D7B0148D77AF /* TaskEditingUseCase.swift */ = {isa = PBXFileReference; includeInIndex = 1; lastKnownFileType = sourcecode.swift; path = TaskEditingUseCase.swift; sourceTree = "<group>"; };
		AA492A8CD4AE8A3A12B3BEF3 /* SplashView.swift */ = {isa = PBXFileReference; includeInIndex = 1; lastKnownFileType = sourcecode.swift; path = SplashView.swift; sourceTree = "<group>"; };
		B15FFE46DBC04DC7D5BE333D /* BoardView.swift */ = {isa = PBXFileReference; includeInIndex = 1; lastKnownFileType = sourcecode.swift; path = BoardView.swift; sourceTree = "<group>"; };
		B5953DD93E3EA95333762A96 /* TaskStatus.swift */ = {isa = PBXFileReference; includeInIndex = 1; lastKnownFileType = sourcecode.swift; path = TaskStatus.swift; sourceTree = "<group>"; };
		B647D71F619CEE05C4BEA27E /* BoardViewModel.swift */ = {isa = PBXFileReference; includeInIndex = 1; lastKnownFileType = sourcecode.swift; path = BoardViewModel.swift; sourceTree = "<group>"; };
		BFEA1ACCC855850DA624A74F /* AppDependencies.swift */ = {isa = PBXFileReference; includeInIndex = 1; lastKnownFileType = sourcecode.swift; path = AppDependencies.swift; sourceTree = "<group>"; };
		C0383F1FC9290A5511E1EC35 /* TaskStatus.swift */ = {isa = PBXFileReference; includeInIndex = 1; lastKnownFileType = sourcecode.swift; path = TaskStatus.swift; sourceTree = "<group>"; };
		C4AC4F41DACE175DA6867D35 /* BoardView.swift */ = {isa = PBXFileReference; includeInIndex = 1; lastKnownFileType = sourcecode.swift; path = BoardView.swift; sourceTree = "<group>"; };
		C5B6069D1CCFB2D1D44C7F89 /* SplashView.swift */ = {isa = PBXFileReference; includeInIndex = 1; lastKnownFileType = sourcecode.swift; path = SplashView.swift; sourceTree = "<group>"; };
		C8900D9BF4EDDCCACC55A6C7 /* TaskRemoteDataSource.swift */ = {isa = PBXFileReference; includeInIndex = 1; lastKnownFileType = sourcecode.swift; path = TaskRemoteDataSource.swift; sourceTree = "<group>"; };
		D05E9B76B0B319DC7998875D /* SwiftDataTaskRepository.swift */ = {isa = PBXFileReference; includeInIndex = 1; lastKnownFileType = sourcecode.swift; path = SwiftDataTaskRepository.swift; sourceTree = "<group>"; };
		D38B96B722AA02F967DD361B /* TaskStatusStyle.swift */ = {isa = PBXFileReference; includeInIndex = 1; lastKnownFileType = sourcecode.swift; path = TaskStatusStyle.swift; sourceTree = "<group>"; };
		E4C49521070621687BD01E40 /* AppDependencies.swift */ = {isa = PBXFileReference; includeInIndex = 1; lastKnownFileType = sourcecode.swift; path = AppDependencies.swift; sourceTree = "<group>"; };
		EBD22F73A81BC242505275F7 /* FirestoreTaskRemoteStoreTests.swift */ = {isa = PBXFileReference; includeInIndex = 1; lastKnownFileType = sourcecode.swift; path = FirestoreTaskRemoteStoreTests.swift; sourceTree = "<group>"; };
		ED8D83524F13F392F0E065C4 /* BoardViewModel.swift */ = {isa = PBXFileReference; includeInIndex = 1; lastKnownFileType = sourcecode.swift; path = BoardViewModel.swift; sourceTree = "<group>"; };
		F0EA34321414553AA4FB3AA4 /* OfflineTaskBoardTests.xctest */ = {isa = PBXFileReference; explicitFileType = wrapper.cfbundle; includeInIndex = 0; lastKnownFileType = wrapper.cfbundle; path = OfflineTaskBoardTests.xctest; sourceTree = BUILT_PRODUCTS_DIR; };
		F3412444C53711E20324E047 /* GoogleService-Info.plist */ = {isa = PBXFileReference; includeInIndex = 1; lastKnownFileType = text.plist.xml; path = "GoogleService-Info.plist"; sourceTree = "<group>"; };
		FB9D417E721407A93FE00DE1 /* OfflineTaskBoardApp.swift */ = {isa = PBXFileReference; includeInIndex = 1; lastKnownFileType = sourcecode.swift; path = OfflineTaskBoardApp.swift; sourceTree = "<group>"; };
		FE24BF3297F7B054DA761991 /* TaskEditingUseCaseTests.swift */ = {isa = PBXFileReference; includeInIndex = 1; lastKnownFileType = sourcecode.swift; path = TaskEditingUseCaseTests.swift; sourceTree = "<group>"; };
/* End PBXFileReference section */

/* Begin PBXFrameworksBuildPhase section */
		D201 /* Frameworks */ = {
			isa = PBXFrameworksBuildPhase;
			buildActionMask = 2147483647;
			files = (
				A179F433226CFDD960523F20 /* FirebaseCore in Frameworks */,
				FBF2502C8EB22107C130B275 /* FirebaseFirestore in Frameworks */,
				308189A39657CE5C46AFD113 /* abseil in Frameworks */,
				DB6E0630CBC7BB6CA7A729C2 /* leveldb in Frameworks */,
				88A3483AACDAE9ED6F8BCDC8 /* nanopb in Frameworks */,
				5C4073AC373ADAC0030A5CDA /* gRPC-Core in Frameworks */,
				74FF57C2ADB027FC3F22017C /* gRPC-C++ in Frameworks */,
			);
			runOnlyForDeploymentPostprocessing = 0;
		};
		D202 /* Frameworks */ = {
			isa = PBXFrameworksBuildPhase;
			buildActionMask = 2147483647;
			files = (
			);
			runOnlyForDeploymentPostprocessing = 0;
		};
/* End PBXFrameworksBuildPhase section */

/* Begin PBXGroup section */
		01211DBB94300ED56890DD7E /* Board */ = {
			isa = PBXGroup;
			children = (
				B15FFE46DBC04DC7D5BE333D /* BoardView.swift */,
				B647D71F619CEE05C4BEA27E /* BoardViewModel.swift */,
				55DD4B726AA949103B42DE91 /* TaskCardView.swift */,
				D38B96B722AA02F967DD361B /* TaskStatusStyle.swift */,
			);
			name = Board;
			path = Board;
			sourceTree = "<group>";
		};
		07D42E3201489D5F48EED670 /* Root */ = {
			isa = PBXGroup;
			children = (
				1667C9A105961335221B2D23 /* RootView.swift */,
			);
			name = Root;
			path = Root;
			sourceTree = "<group>";
		};
		153BDA0CCAD0C266450101ED /* Remote */ = {
			isa = PBXGroup;
			children = (
				A349717EDCD3E38BD731F272 /* FirestoreTaskRemoteStore.swift */,
				7807BFE0E4E3922D8459E742 /* UnavailableTaskRemoteStore.swift */,
			);
			name = Remote;
			path = Remote;
			sourceTree = "<group>";
		};
		1788C76789F552CFB7D55B9B /* Domain */ = {
			isa = PBXGroup;
			children = (
				60657076E837FAECFDE4702E /* Entities */,
				D4AB2B7BCBCB9BAD0A936F1A /* Repositories */,
				B6F61FE6B1BA849FEEED6FFD /* UseCases */,
			);
			name = Domain;
			path = Domain;
			sourceTree = "<group>";
		};
		2F42A20E9024424791DC7B2E /* Persistence */ = {
			isa = PBXGroup;
			children = (
				07A43BA43A5130100074E180 /* SwiftDataTaskRepository.swift */,
				09B9F4BEEB963E9F38F3087F /* TaskModel.swift */,
			);
			name = Persistence;
			path = Persistence;
			sourceTree = "<group>";
		};
		4C8779DAD04CAEB1FA1D32AC /* App */ = {
			isa = PBXGroup;
			children = (
				BFEA1ACCC855850DA624A74F /* AppDependencies.swift */,
				69880DBF24BF38DBAFB233E3 /* LaunchScreen.storyboard */,
				FB9D417E721407A93FE00DE1 /* OfflineTaskBoardApp.swift */,
			);
			name = App;
			path = App;
			sourceTree = "<group>";
		};
		4FD998014F678E24F9B0FE2F /* Splash */ = {
			isa = PBXGroup;
			children = (
				AA492A8CD4AE8A3A12B3BEF3 /* SplashView.swift */,
			);
			name = Splash;
			path = Splash;
			sourceTree = "<group>";
		};
		55705ECAD23DD5BE10011E84 /* Splash */ = {
			isa = PBXGroup;
			children = (
				C5B6069D1CCFB2D1D44C7F89 /* SplashView.swift */,
			);
			name = Splash;
			path = Splash;
			sourceTree = "<group>";
		};
		575F3569090426F94B2E3808 /* Presentation */ = {
			isa = PBXGroup;
			children = (
				01211DBB94300ED56890DD7E /* Board */,
				64F43C912CEF1464B6191C2C /* Root */,
				55705ECAD23DD5BE10011E84 /* Splash */,
				A68B16073A13D11C5E5432DA /* TaskEditor */,
			);
			name = Presentation;
			path = Presentation;
			sourceTree = "<group>";
		};
		60657076E837FAECFDE4702E /* Entities */ = {
			isa = PBXGroup;
			children = (
				9029E2E71F26ADBA42D3CF12 /* SyncStatus.swift */,
				605639B3CA1D93E4E0E52795 /* TaskItem.swift */,
				C0383F1FC9290A5511E1EC35 /* TaskStatus.swift */,
			);
			name = Entities;
			path = Entities;
			sourceTree = "<group>";
		};
		6384A403565461717B69AAA4 /* Persistence */ = {
			isa = PBXGroup;
			children = (
				D05E9B76B0B319DC7998875D /* SwiftDataTaskRepository.swift */,
				1605A219DDE38EA153E1B723 /* TaskModel.swift */,
			);
			name = Persistence;
			path = Persistence;
			sourceTree = "<group>";
		};
		64F43C912CEF1464B6191C2C /* Root */ = {
			isa = PBXGroup;
			children = (
				73C6B62435DFC1B69A00B571 /* RootView.swift */,
			);
			name = Root;
			path = Root;
			sourceTree = "<group>";
		};
		7F01958E35CBF994B14D4AB2 /* Data */ = {
			isa = PBXGroup;
			children = (
				EBD22F73A81BC242505275F7 /* FirestoreTaskRemoteStoreTests.swift */,
				A33B4BF0DDECC784A5D2CBD2 /* SwiftDataTaskRepositoryTests.swift */,
				37871176AAE008D9D4426105 /* UnavailableTaskRemoteStoreTests.swift */,
			);
			name = Data;
			path = Data;
			sourceTree = "<group>";
		};
		8FC794DBF24D45289FEC1B6D /* UseCases */ = {
			isa = PBXGroup;
			children = (
				72795E9E4336FD7CD1F5922B /* TaskEditingUseCase.swift */,
				3BBAABE6299ACD2412410BFB /* TaskSyncUseCase.swift */,
			);
			name = UseCases;
			path = UseCases;
			sourceTree = "<group>";
		};
		A5EF43C059348682AC308E12 /* Board */ = {
			isa = PBXGroup;
			children = (
				C4AC4F41DACE175DA6867D35 /* BoardView.swift */,
				ED8D83524F13F392F0E065C4 /* BoardViewModel.swift */,
				43BCD7DFC62200E9F2934171 /* TaskCardView.swift */,
				147180969BC07ABA016F127C /* TaskStatusStyle.swift */,
			);
			name = Board;
			path = Board;
			sourceTree = "<group>";
		};
		A68B16073A13D11C5E5432DA /* TaskEditor */ = {
			isa = PBXGroup;
			children = (
				6D7415935C73DFB718F114CE /* TaskEditorView.swift */,
			);
			name = TaskEditor;
			path = TaskEditor;
			sourceTree = "<group>";
		};
		AB8D2945F462D93B6E2138BD /* Domain */ = {
			isa = PBXGroup;
			children = (
				6AA5F30C901AE1794A355C85 /* Fakes.swift */,
				FE24BF3297F7B054DA761991 /* TaskEditingUseCaseTests.swift */,
				0E49C8AE3371415551F1A8DB /* TaskSyncUseCaseTests.swift */,
			);
			name = Domain;
			path = Domain;
			sourceTree = "<group>";
		};
		ACE92D191BA46D75F3CC8ED0 /* OfflineTaskBoardTests */ = {
			isa = PBXGroup;
			children = (
				7F01958E35CBF994B14D4AB2 /* Data */,
				AB8D2945F462D93B6E2138BD /* Domain */,
			);
			name = OfflineTaskBoardTests;
			path = OfflineTaskBoardTests;
			sourceTree = "<group>";
		};
		B6F61FE6B1BA849FEEED6FFD /* UseCases */ = {
			isa = PBXGroup;
			children = (
				A69DBD9D62B5D7B0148D77AF /* TaskEditingUseCase.swift */,
				877088C58083E94A000E68F3 /* TaskSyncUseCase.swift */,
			);
			name = UseCases;
			path = UseCases;
			sourceTree = "<group>";
		};
		BA1E0EFADB3B12B4E1BF4BBF /* Entities */ = {
			isa = PBXGroup;
			children = (
				6805529D9EE6A55310816713 /* SyncStatus.swift */,
				164FE5775991529F36B38024 /* TaskItem.swift */,
				B5953DD93E3EA95333762A96 /* TaskStatus.swift */,
			);
			name = Entities;
			path = Entities;
			sourceTree = "<group>";
		};
		C001 = {
			isa = PBXGroup;
			children = (
				C002 /* Products */,
				CFCA580D66A61BC34A07CE13 /* OfflineTaskBoard */,
				ACE92D191BA46D75F3CC8ED0 /* OfflineTaskBoardTests */,
			);
			sourceTree = "<group>";
		};
		C002 /* Products */ = {
			isa = PBXGroup;
			children = (
				4A114298195391F5F6C6080E /* OfflineTaskBoard.app */,
				F0EA34321414553AA4FB3AA4 /* OfflineTaskBoardTests.xctest */,
			);
			name = Products;
			sourceTree = "<group>";
		};
		C8257995375CCE8EEB2206EA /* Remote */ = {
			isa = PBXGroup;
			children = (
				29C5445D473A6D3631D2494D /* FirestoreTaskRemoteStore.swift */,
				4D4942BD7287827FEA96DAE2 /* UnavailableTaskRemoteStore.swift */,
			);
			name = Remote;
			path = Remote;
			sourceTree = "<group>";
		};
		CFCA580D66A61BC34A07CE13 /* OfflineTaskBoard */ = {
			isa = PBXGroup;
			children = (
				4C8779DAD04CAEB1FA1D32AC /* App */,
				927E2F4CE1F27B2D4BDBD41E /* Assets.xcassets */,
				E94858FB7D230CA7FE381C79 /* Data */,
				1788C76789F552CFB7D55B9B /* Domain */,
				F3412444C53711E20324E047 /* GoogleService-Info.plist */,
				575F3569090426F94B2E3808 /* Presentation */,
			);
			name = OfflineTaskBoard;
			path = OfflineTaskBoard;
			sourceTree = "<group>";
		};
		D4AB2B7BCBCB9BAD0A936F1A /* Repositories */ = {
			isa = PBXGroup;
			children = (
				6F8101713D7125FFF2C6A7D1 /* TaskRemoteDataSource.swift */,
				A21E7A7EF7D5F90D113E5F22 /* TaskRepository.swift */,
			);
			name = Repositories;
			path = Repositories;
			sourceTree = "<group>";
		};
		E49ADC082F2DD269BB6FED9D /* TaskEditor */ = {
			isa = PBXGroup;
			children = (
				8649DD969AB9F1F01933FF4E /* TaskEditorView.swift */,
			);
			name = TaskEditor;
			path = TaskEditor;
			sourceTree = "<group>";
		};
		E94858FB7D230CA7FE381C79 /* Data */ = {
			isa = PBXGroup;
			children = (
				6384A403565461717B69AAA4 /* Persistence */,
				C8257995375CCE8EEB2206EA /* Remote */,
			);
			name = Data;
			path = Data;
			sourceTree = "<group>";
		};
		E9A59E92CA5FF72C504319BF /* Repositories */ = {
			isa = PBXGroup;
			children = (
				C8900D9BF4EDDCCACC55A6C7 /* TaskRemoteDataSource.swift */,
				98365327BE90FFA4A1FFCD09 /* TaskRepository.swift */,
			);
			name = Repositories;
			path = Repositories;
			sourceTree = "<group>";
		};
/* End PBXGroup section */

/* Begin PBXNativeTarget section */
		E201 /* OfflineTaskBoard */ = {
			isa = PBXNativeTarget;
			buildConfigurationList = F201 /* Build configuration list for PBXNativeTarget "OfflineTaskBoard" */;
			buildPhases = (
				D201 /* Frameworks */,
				G201 /* Sources */,
				5CCE68CA6AAF390CF789600C /* Resources */,
			);
			buildRules = (
			);
			dependencies = (
			);
			name = OfflineTaskBoard;
			packageProductDependencies = (
				61159485D5EDB0252253ABBF /* FirebaseCore */,
				DA3BE56D5C3776534CCA8F3E /* FirebaseFirestore */,
				2EFE5DEA39E192BC335F5D6B /* abseil */,
				1D85A8596900D6049AF81D82 /* leveldb */,
				167BD923CD0FFFC6990ECB32 /* nanopb */,
				A7BE44D3D7E7BD4F1DB4D31A /* gRPC-Core */,
				0DCE43DB826745C5B2F22485 /* gRPC-C++ */,
			);
			productName = OfflineTaskBoard;
			productReference = 4A114298195391F5F6C6080E /* OfflineTaskBoard.app */;
			productType = "com.apple.product-type.application";
		};
		E202 /* OfflineTaskBoardTests */ = {
			isa = PBXNativeTarget;
			buildConfigurationList = F202 /* Build configuration list for PBXNativeTarget "OfflineTaskBoardTests" */;
			buildPhases = (
				D202 /* Frameworks */,
				G202 /* Sources */,
				59963F92E7847FA7F8FA4DC4 /* Resources */,
			);
			buildRules = (
			);
			dependencies = (
				H201 /* PBXTargetDependency */,
			);
			name = OfflineTaskBoardTests;
			productName = OfflineTaskBoardTests;
			productReference = F0EA34321414553AA4FB3AA4 /* OfflineTaskBoardTests.xctest */;
			productType = "com.apple.product-type.bundle.unit-test";
		};
/* End PBXNativeTarget section */

/* Begin PBXProject section */
		P001 /* Project object */ = {
			isa = PBXProject;
			attributes = {
				LastUpgradeCheck = 1600;
			};
			buildConfigurationList = F001 /* Build configuration list for PBXProject "OfflineTaskBoard" */;
			compatibilityVersion = "Xcode 14.0";
			developmentRegion = en;
			hasScannedForEncodings = 0;
			knownRegions = (
				en,
				Base,
			);
			mainGroup = C001;
			packageReferences = (
				E33A80066C78BE34CBD109F8 /* XCRemoteSwiftPackageReference "firebase-ios-sdk" */,
			);
			productRefGroup = C002 /* Products */;
			projectDirPath = "";
			projectRoot = "";
			targets = (
				E201 /* OfflineTaskBoard */,
				E202 /* OfflineTaskBoardTests */,
			);
		};
/* End PBXProject section */

/* Begin PBXResourcesBuildPhase section */
		59963F92E7847FA7F8FA4DC4 /* Resources */ = {
			isa = PBXResourcesBuildPhase;
			buildActionMask = 2147483647;
			files = (
			);
			runOnlyForDeploymentPostprocessing = 0;
		};
		5CCE68CA6AAF390CF789600C /* Resources */ = {
			isa = PBXResourcesBuildPhase;
			buildActionMask = 2147483647;
			files = (
				B886C9C37EF95762578592FC /* LaunchScreen.storyboard in Resources */,
				D1FBE862F05172417E7DE90E /* Assets.xcassets in Resources */,
				D89168DFBB782983E0AEEB32 /* GoogleService-Info.plist in Resources */,
			);
			runOnlyForDeploymentPostprocessing = 0;
		};
/* End PBXResourcesBuildPhase section */

/* Begin PBXSourcesBuildPhase section */
		G201 /* Sources */ = {
			isa = PBXSourcesBuildPhase;
			buildActionMask = 2147483647;
			files = (
				DE29A26AA0DFBAE04FA162AD /* AppDependencies.swift in Sources */,
				A083A887E1F14D730732C5CE /* OfflineTaskBoardApp.swift in Sources */,
				70F8C3E881830243DB5C763B /* SwiftDataTaskRepository.swift in Sources */,
				4E5312D2D9F0694A5F168739 /* TaskModel.swift in Sources */,
				D4EE5BD31562F9AD8DD4054F /* FirestoreTaskRemoteStore.swift in Sources */,
				FE4038B690E4D340E922E25E /* UnavailableTaskRemoteStore.swift in Sources */,
				96309483D6E30D89897DA0F5 /* SyncStatus.swift in Sources */,
				C4380137253F7DC593242721 /* TaskItem.swift in Sources */,
				FD81CB5F9D8362CC8DAC642A /* TaskStatus.swift in Sources */,
				A7369304442E7F8DC2B78670 /* TaskRemoteDataSource.swift in Sources */,
				5755810C0989CEE3F9A12771 /* TaskRepository.swift in Sources */,
				88DCE80CB074D817857E33EF /* TaskEditingUseCase.swift in Sources */,
				4560D5A6FCC9BA3E4D2F073A /* TaskSyncUseCase.swift in Sources */,
				275B8B0C2737DA4F94C221DE /* BoardView.swift in Sources */,
				FF924AB7339BD56AE998BB9B /* BoardViewModel.swift in Sources */,
				408A05A747B47F6886ADFC8A /* TaskCardView.swift in Sources */,
				1E167CDBA9ACA2CCC7C0E102 /* TaskStatusStyle.swift in Sources */,
				4335FACDB1809AFBB786651B /* RootView.swift in Sources */,
				ED2E999CC9D5F354584F8FFB /* SplashView.swift in Sources */,
				4659C5BD2C23E62BCFDCC5BC /* TaskEditorView.swift in Sources */,
			);
			runOnlyForDeploymentPostprocessing = 0;
		};
		G202 /* Sources */ = {
			isa = PBXSourcesBuildPhase;
			buildActionMask = 2147483647;
			files = (
				230C1B5CE9614BDB3648E8AB /* FirestoreTaskRemoteStoreTests.swift in Sources */,
				A7322AB5F1E434358672E03D /* SwiftDataTaskRepositoryTests.swift in Sources */,
				0041B1D42B4911FD61F5E6DB /* UnavailableTaskRemoteStoreTests.swift in Sources */,
				11A8C1CBCB8785C0526C8212 /* Fakes.swift in Sources */,
				7D1EBA200A08EC354F3412FD /* TaskEditingUseCaseTests.swift in Sources */,
				2B65882FE421603F0962AB40 /* TaskSyncUseCaseTests.swift in Sources */,
			);
			runOnlyForDeploymentPostprocessing = 0;
		};
/* End PBXSourcesBuildPhase section */

/* Begin PBXTargetDependency section */
		H201 /* PBXTargetDependency */ = {
			isa = PBXTargetDependency;
			target = E201 /* OfflineTaskBoard */;
			targetProxy = FE7E2BF33025B73E00BC558E /* PBXContainerItemProxy */;
		};
/* End PBXTargetDependency section */

/* Begin XCBuildConfiguration section */
		I001 /* Debug */ = {
			isa = XCBuildConfiguration;
			buildSettings = {
				ENABLE_TESTABILITY = YES;
				IPHONEOS_DEPLOYMENT_TARGET = 26.0;
				SWIFT_VERSION = 5.0;
			};
			name = Debug;
		};
		I002 /* Release */ = {
			isa = XCBuildConfiguration;
			buildSettings = {
				IPHONEOS_DEPLOYMENT_TARGET = 26.0;
				SWIFT_VERSION = 5.0;
			};
			name = Release;
		};
		I201 /* Debug */ = {
			isa = XCBuildConfiguration;
			buildSettings = {
				ASSETCATALOG_COMPILER_APPICON_NAME = AppIcon;
				CODE_SIGN_STYLE = Automatic;
				ENABLE_TESTABILITY = YES;
				GENERATE_INFOPLIST_FILE = YES;
				INFOPLIST_KEY_UILaunchStoryboardName = LaunchScreen;
				IPHONEOS_DEPLOYMENT_TARGET = 26.0;
				PRODUCT_BUNDLE_IDENTIFIER = com.vaishnav.OfflineTaskBoard;
				PRODUCT_NAME = OfflineTaskBoard;
				SDKROOT = iphoneos;
				SUPPORTED_PLATFORMS = "iphoneos iphonesimulator";
				SWIFT_VERSION = 5.0;
				TARGETED_DEVICE_FAMILY = 1;
			};
			name = Debug;
		};
		I202 /* Release */ = {
			isa = XCBuildConfiguration;
			buildSettings = {
				ASSETCATALOG_COMPILER_APPICON_NAME = AppIcon;
				CODE_SIGN_STYLE = Automatic;
				GENERATE_INFOPLIST_FILE = YES;
				INFOPLIST_KEY_UILaunchStoryboardName = LaunchScreen;
				IPHONEOS_DEPLOYMENT_TARGET = 26.0;
				PRODUCT_BUNDLE_IDENTIFIER = com.vaishnav.OfflineTaskBoard;
				PRODUCT_NAME = OfflineTaskBoard;
				SDKROOT = iphoneos;
				SUPPORTED_PLATFORMS = "iphoneos iphonesimulator";
				SWIFT_VERSION = 5.0;
				TARGETED_DEVICE_FAMILY = 1;
			};
			name = Release;
		};
		I203 /* Debug */ = {
			isa = XCBuildConfiguration;
			buildSettings = {
				BUNDLE_LOADER = "$(TEST_HOST)";
				ENABLE_TESTABILITY = YES;
				GENERATE_INFOPLIST_FILE = YES;
				INFOPLIST_KEY_UILaunchScreen_Generation = YES;
				IPHONEOS_DEPLOYMENT_TARGET = 26.0;
				PRODUCT_BUNDLE_IDENTIFIER = com.vaishnav.OfflineTaskBoardTests;
				PRODUCT_NAME = OfflineTaskBoardTests;
				SDKROOT = iphoneos;
				SUPPORTED_PLATFORMS = "iphoneos iphonesimulator";
				SWIFT_VERSION = 5.0;
				TEST_HOST = "$(BUILT_PRODUCTS_DIR)/OfflineTaskBoard.app/OfflineTaskBoard";
			};
			name = Debug;
		};
		I204 /* Release */ = {
			isa = XCBuildConfiguration;
			buildSettings = {
				BUNDLE_LOADER = "$(TEST_HOST)";
				GENERATE_INFOPLIST_FILE = YES;
				INFOPLIST_KEY_UILaunchScreen_Generation = YES;
				IPHONEOS_DEPLOYMENT_TARGET = 26.0;
				PRODUCT_BUNDLE_IDENTIFIER = com.vaishnav.OfflineTaskBoardTests;
				PRODUCT_NAME = OfflineTaskBoardTests;
				SDKROOT = iphoneos;
				SUPPORTED_PLATFORMS = "iphoneos iphonesimulator";
				SWIFT_VERSION = 5.0;
				TEST_HOST = "$(BUILT_PRODUCTS_DIR)/OfflineTaskBoard.app/OfflineTaskBoard";
			};
			name = Release;
		};
/* End XCBuildConfiguration section */

/* Begin XCConfigurationList section */
		F001 /* Build configuration list for PBXProject "OfflineTaskBoard" */ = {
			isa = XCConfigurationList;
			buildConfigurations = (
				I001 /* Debug */,
				I002 /* Release */,
			);
			defaultConfigurationIsVisible = 0;
			defaultConfigurationName = Release;
		};
		F201 /* Build configuration list for PBXNativeTarget "OfflineTaskBoard" */ = {
			isa = XCConfigurationList;
			buildConfigurations = (
				I201 /* Debug */,
				I202 /* Release */,
			);
			defaultConfigurationIsVisible = 0;
			defaultConfigurationName = Release;
		};
		F202 /* Build configuration list for PBXNativeTarget "OfflineTaskBoardTests" */ = {
			isa = XCConfigurationList;
			buildConfigurations = (
				I203 /* Debug */,
				I204 /* Release */,
			);
			defaultConfigurationIsVisible = 0;
			defaultConfigurationName = Release;
		};
/* End XCConfigurationList section */

/* Begin XCRemoteSwiftPackageReference section */
		E33A80066C78BE34CBD109F8 /* XCRemoteSwiftPackageReference "firebase-ios-sdk" */ = {
			isa = XCRemoteSwiftPackageReference;
			repositoryURL = "https://github.com/firebase/firebase-ios-sdk";
			requirement = {
				kind = upToNextMajorVersion;
				minimumVersion = 12.0.0;
			};
		};
/* End XCRemoteSwiftPackageReference section */

/* Begin XCSwiftPackageProductDependency section */
		0DCE43DB826745C5B2F22485 /* gRPC-C++ */ = {
			isa = XCSwiftPackageProductDependency;
			package = E33A80066C78BE34CBD109F8 /* XCRemoteSwiftPackageReference "firebase-ios-sdk" */;
			productName = "gRPC-C++";
		};
		167BD923CD0FFFC6990ECB32 /* nanopb */ = {
			isa = XCSwiftPackageProductDependency;
			package = E33A80066C78BE34CBD109F8 /* XCRemoteSwiftPackageReference "firebase-ios-sdk" */;
			productName = nanopb;
		};
		1D85A8596900D6049AF81D82 /* leveldb */ = {
			isa = XCSwiftPackageProductDependency;
			package = E33A80066C78BE34CBD109F8 /* XCRemoteSwiftPackageReference "firebase-ios-sdk" */;
			productName = leveldb;
		};
		2EFE5DEA39E192BC335F5D6B /* abseil */ = {
			isa = XCSwiftPackageProductDependency;
			package = E33A80066C78BE34CBD109F8 /* XCRemoteSwiftPackageReference "firebase-ios-sdk" */;
			productName = abseil;
		};
		61159485D5EDB0252253ABBF /* FirebaseCore */ = {
			isa = XCSwiftPackageProductDependency;
			package = E33A80066C78BE34CBD109F8 /* XCRemoteSwiftPackageReference "firebase-ios-sdk" */;
			productName = FirebaseCore;
		};
		A7BE44D3D7E7BD4F1DB4D31A /* gRPC-Core */ = {
			isa = XCSwiftPackageProductDependency;
			package = E33A80066C78BE34CBD109F8 /* XCRemoteSwiftPackageReference "firebase-ios-sdk" */;
			productName = "gRPC-Core";
		};
		DA3BE56D5C3776534CCA8F3E /* FirebaseFirestore */ = {
			isa = XCSwiftPackageProductDependency;
			package = E33A80066C78BE34CBD109F8 /* XCRemoteSwiftPackageReference "firebase-ios-sdk" */;
			productName = FirebaseFirestore;
		};
/* End XCSwiftPackageProductDependency section */
	};
	rootObject = P001 /* Project object */;
}
